// !$*UTF8*$!
{
	archiveVersion = 1;
	classes = {
	};
	objectVersion = 46;
	objects = {

/* Begin PBXBuildFile section */
		270DF9E11D83E217004D3681 /* AMAndroidSideBarViewController.m in Sources */ = {isa = PBXBuildFile; fileRef = 270DF9E01D83E217004D3681 /* AMAndroidSideBarViewController.m */; };
		270DF9E41D83F0B0004D3681 /* KSApplicationColor.m in Sources */ = {isa = PBXBuildFile; fileRef = 270DF9E31D83F0B0004D3681 /* KSApplicationColor.m */; };
		270DF9E71D83F56E004D3681 /* BaseViewController.m in Sources */ = {isa = PBXBuildFile; fileRef = 270DF9E61D83F56E004D3681 /* BaseViewController.m */; };
		272F91C01D8A678800A0330B /* SelectCategoryViewController.m in Sources */ = {isa = PBXBuildFile; fileRef = 272F91BF1D8A678800A0330B /* SelectCategoryViewController.m */; };
		272F91C31D8A6C0C00A0330B /* DescriptionViewController.m in Sources */ = {isa = PBXBuildFile; fileRef = 272F91C21D8A6C0C00A0330B /* DescriptionViewController.m */; };
		272F91C61D8A704500A0330B /* TaskListViewController.m in Sources */ = {isa = PBXBuildFile; fileRef = 272F91C51D8A704500A0330B /* TaskListViewController.m */; };
		272F91C91D8B080700A0330B /* DateAndTimeViewController.m in Sources */ = {isa = PBXBuildFile; fileRef = 272F91C81D8B080700A0330B /* DateAndTimeViewController.m */; };
		27494DE41D8D3ECE009BFC5F /* KSMenuViewController.m in Sources */ = {isa = PBXBuildFile; fileRef = 27494DE31D8D3ECE009BFC5F /* KSMenuViewController.m */; };
		274AA9421DA7C62100CB6B21 /* Reachability.m in Sources */ = {isa = PBXBuildFile; fileRef = 274AA9411DA7C62100CB6B21 /* Reachability.m */; };
		2786E7AD1D881507009BDB2A /* LoginViewController.m in Sources */ = {isa = PBXBuildFile; fileRef = 2786E7AC1D881507009BDB2A /* LoginViewController.m */; };
		2786E7B01D883692009BDB2A /* TabletasksViewController.m in Sources */ = {isa = PBXBuildFile; fileRef = 2786E7AF1D883692009BDB2A /* TabletasksViewController.m */; };
		2786E7B21D883F4D009BDB2A /* KSTaskCell.xib in Resources */ = {isa = PBXBuildFile; fileRef = 2786E7B11D883F4D009BDB2A /* KSTaskCell.xib */; };
		2786E7B51D884421009BDB2A /* TaskTableViewCell.m in Sources */ = {isa = PBXBuildFile; fileRef = 2786E7B41D884421009BDB2A /* TaskTableViewCell.m */; };
		278BAA4D1D896E30002D38CF /* AddTaskViewController.m in Sources */ = {isa = PBXBuildFile; fileRef = 278BAA4C1D896E30002D38CF /* AddTaskViewController.m */; };
		278BAA4F1D8977E4002D38CF /* PriorityCell.xib in Resources */ = {isa = PBXBuildFile; fileRef = 278BAA4E1D8977E4002D38CF /* PriorityCell.xib */; };
		278BAA521D897A36002D38CF /* PriorityCell.m in Sources */ = {isa = PBXBuildFile; fileRef = 278BAA511D897A36002D38CF /* PriorityCell.m */; };
		278BAA551D89BA4A002D38CF /* BaseAuthViewController.m in Sources */ = {isa = PBXBuildFile; fileRef = 278BAA541D89BA4A002D38CF /* BaseAuthViewController.m */; };
		278BAA581D89BB32002D38CF /* BaseTableViewController.m in Sources */ = {isa = PBXBuildFile; fileRef = 278BAA571D89BB32002D38CF /* BaseTableViewController.m */; };
		27B1A0EF1D818C5B00D47FCD /* KSObject.m in Sources */ = {isa = PBXBuildFile; fileRef = 27B1A0EE1D818C5B00D47FCD /* KSObject.m */; };
		27B1A0F31D818D0600D47FCD /* KSUserInfo.m in Sources */ = {isa = PBXBuildFile; fileRef = 27B1A0F21D818D0600D47FCD /* KSUserInfo.m */; };
		27B1A0F71D81933000D47FCD /* KSAuthorisedUser.m in Sources */ = {isa = PBXBuildFile; fileRef = 27B1A0F61D81933000D47FCD /* KSAuthorisedUser.m */; };
		27B1A0FA1D8195A800D47FCD /* UserSettings.m in Sources */ = {isa = PBXBuildFile; fileRef = 27B1A0F91D8195A800D47FCD /* UserSettings.m */; };
		27B1A0FD1D81A12A00D47FCD /* KSShortTask.m in Sources */ = {isa = PBXBuildFile; fileRef = 27B1A0FC1D81A12A00D47FCD /* KSShortTask.m */; };
		27B1A1001D81A20400D47FCD /* BaseTask.m in Sources */ = {isa = PBXBuildFile; fileRef = 27B1A0FF1D81A20400D47FCD /* BaseTask.m */; };
		27B1A1031D81A3CB00D47FCD /* KSTask.m in Sources */ = {isa = PBXBuildFile; fileRef = 27B1A1021D81A3CB00D47FCD /* KSTask.m */; };
		27B1A1061D81A61300D47FCD /* KSTaskCollection.m in Sources */ = {isa = PBXBuildFile; fileRef = 27B1A1051D81A61300D47FCD /* KSTaskCollection.m */; };
		2801D1901D9E927B00A4D1FD /* SyncApiManager.m in Sources */ = {isa = PBXBuildFile; fileRef = 2801D18F1D9E927B00A4D1FD /* SyncApiManager.m */; };
		2801D1941D9E97DA00A4D1FD /* FileManager.m in Sources */ = {isa = PBXBuildFile; fileRef = 2801D1931D9E97DA00A4D1FD /* FileManager.m */; };
		2803AF7C1D8A8EBF0032ACFB /* KSSettingsCell.xib in Resources */ = {isa = PBXBuildFile; fileRef = 2803AF7B1D8A8EBF0032ACFB /* KSSettingsCell.xib */; };
		2803AF811D8A8F190032ACFB /* KSSettingsCell.m in Sources */ = {isa = PBXBuildFile; fileRef = 2803AF801D8A8F190032ACFB /* KSSettingsCell.m */; };
		2803AF861D8AA0AC0032ACFB /* FormatDateViewController.m in Sources */ = {isa = PBXBuildFile; fileRef = 2803AF851D8AA0AC0032ACFB /* FormatDateViewController.m */; };
		2803AF881D8AA4320032ACFB /* KSCheckSettingsTableViewCell.xib in Resources */ = {isa = PBXBuildFile; fileRef = 2803AF871D8AA4320032ACFB /* KSCheckSettingsTableViewCell.xib */; };
		2803AF8B1D8AA5560032ACFB /* KSCheckSettingsTableViewCell.m in Sources */ = {isa = PBXBuildFile; fileRef = 2803AF8A1D8AA5560032ACFB /* KSCheckSettingsTableViewCell.m */; };
		2803AF8E1D8AA8ED0032ACFB /* FormatTimeViewController.m in Sources */ = {isa = PBXBuildFile; fileRef = 2803AF8D1D8AA8ED0032ACFB /* FormatTimeViewController.m */; };
		2803AF911D8AAA710032ACFB /* StartDayViewController.m in Sources */ = {isa = PBXBuildFile; fileRef = 2803AF901D8AAA710032ACFB /* StartDayViewController.m */; };
		2803AF941D8AAB1D0032ACFB /* StartPageViewController.m in Sources */ = {isa = PBXBuildFile; fileRef = 2803AF931D8AAB1D0032ACFB /* StartPageViewController.m */; };
		280539241D900F2900868ACF /* MGSwipeButton.m in Sources */ = {isa = PBXBuildFile; fileRef = 280539201D900F2900868ACF /* MGSwipeButton.m */; };
		280539251D900F2900868ACF /* MGSwipeTableCell.m in Sources */ = {isa = PBXBuildFile; fileRef = 280539221D900F2900868ACF /* MGSwipeTableCell.m */; };
		28214C831D93D30F0012B1C7 /* TasksApplicationManager.m in Sources */ = {isa = PBXBuildFile; fileRef = 28214C821D93D30F0012B1C7 /* TasksApplicationManager.m */; };
		28214C871D93D3260012B1C7 /* SubTasksApplicationManager.m in Sources */ = {isa = PBXBuildFile; fileRef = 28214C861D93D3260012B1C7 /* SubTasksApplicationManager.m */; };
		28214C8B1D93D33E0012B1C7 /* UserApplicationManager.m in Sources */ = {isa = PBXBuildFile; fileRef = 28214C8A1D93D33E0012B1C7 /* UserApplicationManager.m */; };
		28214C8F1D93D3510012B1C7 /* SettingsApplicationManager.m in Sources */ = {isa = PBXBuildFile; fileRef = 28214C8E1D93D3510012B1C7 /* SettingsApplicationManager.m */; };
		28214C931D93D36E0012B1C7 /* CategoryApplicationManager.m in Sources */ = {isa = PBXBuildFile; fileRef = 28214C921D93D36E0012B1C7 /* CategoryApplicationManager.m */; };
		28214C9B1D93E2D60012B1C7 /* SyncApplicationManager.m in Sources */ = {isa = PBXBuildFile; fileRef = 28214C9A1D93E2D60012B1C7 /* SyncApplicationManager.m */; };
		2822CBF71D9554CE00779984 /* NSDate+LocalTime.m in Sources */ = {isa = PBXBuildFile; fileRef = 2822CBF61D9554CE00779984 /* NSDate+LocalTime.m */; };
		282C28C61D829A600061761E /* AMSideBarViewController.m in Sources */ = {isa = PBXBuildFile; fileRef = 282C28C51D829A600061761E /* AMSideBarViewController.m */; };
		284F9C3B1D8DCFF500B0853F /* TasksCoreDataManager.m in Sources */ = {isa = PBXBuildFile; fileRef = 284F9C3A1D8DCFF500B0853F /* TasksCoreDataManager.m */; };
		28616D4A1D93F90D00BB2CCE /* ACNetworkManager.m in Sources */ = {isa = PBXBuildFile; fileRef = 28616D491D93F90D00BB2CCE /* ACNetworkManager.m */; };
		286E26201D883FF00055A7BF /* SettingsViewController.m in Sources */ = {isa = PBXBuildFile; fileRef = 286E261F1D883FF00055A7BF /* SettingsViewController.m */; };
		287884071D8E07E600C17A4F /* KSCategory.m in Sources */ = {isa = PBXBuildFile; fileRef = 287884061D8E07E600C17A4F /* KSCategory.m */; };
		28797F711D87E24500AEDE0A /* UIImage+ACScaleImage.m in Sources */ = {isa = PBXBuildFile; fileRef = 28797F701D87E24500AEDE0A /* UIImage+ACScaleImage.m */; };
		28797F741D88202C00AEDE0A /* CreateAccountViewController.m in Sources */ = {isa = PBXBuildFile; fileRef = 28797F731D88202C00AEDE0A /* CreateAccountViewController.m */; };
		28797F771D88309200AEDE0A /* NewPasswordViewController.m in Sources */ = {isa = PBXBuildFile; fileRef = 28797F761D88309200AEDE0A /* NewPasswordViewController.m */; };
		28797F7A1D88370600AEDE0A /* ChangeEmailViewController.m in Sources */ = {isa = PBXBuildFile; fileRef = 28797F791D88370600AEDE0A /* ChangeEmailViewController.m */; };
		2884ABFD1D8D43B700A2F7D9 /* CoreDataManager.m in Sources */ = {isa = PBXBuildFile; fileRef = 2884ABFC1D8D43B700A2F7D9 /* CoreDataManager.m */; };
		28943CF71D9302D500BC8A69 /* ApiManager.m in Sources */ = {isa = PBXBuildFile; fileRef = 28943CF61D9302D500BC8A69 /* ApiManager.m */; };
		28943CFA1D93032000BC8A69 /* TasksApiManager.m in Sources */ = {isa = PBXBuildFile; fileRef = 28943CF91D93032000BC8A69 /* TasksApiManager.m */; };
		28943CFD1D93037500BC8A69 /* SubTasksApiManager.m in Sources */ = {isa = PBXBuildFile; fileRef = 28943CFC1D93037500BC8A69 /* SubTasksApiManager.m */; };
		28943D001D93038600BC8A69 /* UserApiManager.m in Sources */ = {isa = PBXBuildFile; fileRef = 28943CFF1D93038600BC8A69 /* UserApiManager.m */; };
		28943D031D93039500BC8A69 /* SettingsApiManager.m in Sources */ = {isa = PBXBuildFile; fileRef = 28943D021D93039500BC8A69 /* SettingsApiManager.m */; };
		28943D061D9303A800BC8A69 /* CategoryApiManager.m in Sources */ = {isa = PBXBuildFile; fileRef = 28943D051D9303A800BC8A69 /* CategoryApiManager.m */; };
		28943D0E1D9303EF00BC8A69 /* ApplicationManager.m in Sources */ = {isa = PBXBuildFile; fileRef = 28943D0D1D9303EF00BC8A69 /* ApplicationManager.m */; };
		28A36BAF1D81887B0092FEFD /* main.m in Sources */ = {isa = PBXBuildFile; fileRef = 28A36BAE1D81887B0092FEFD /* main.m */; };
		28A36BB21D81887B0092FEFD /* AppDelegate.m in Sources */ = {isa = PBXBuildFile; fileRef = 28A36BB11D81887B0092FEFD /* AppDelegate.m */; };
		28A36BB81D81887B0092FEFD /* Main.storyboard in Resources */ = {isa = PBXBuildFile; fileRef = 28A36BB61D81887B0092FEFD /* Main.storyboard */; };
		28A36BBB1D81887B0092FEFD /* PlanAndDo.xcdatamodeld in Sources */ = {isa = PBXBuildFile; fileRef = 28A36BB91D81887B0092FEFD /* PlanAndDo.xcdatamodeld */; };
		28A36BBD1D81887B0092FEFD /* Assets.xcassets in Resources */ = {isa = PBXBuildFile; fileRef = 28A36BBC1D81887B0092FEFD /* Assets.xcassets */; };
		28A36BC01D81887B0092FEFD /* LaunchScreen.storyboard in Resources */ = {isa = PBXBuildFile; fileRef = 28A36BBE1D81887B0092FEFD /* LaunchScreen.storyboard */; };
		28A36BCB1D81887B0092FEFD /* PlanAndDoTests.m in Sources */ = {isa = PBXBuildFile; fileRef = 28A36BCA1D81887B0092FEFD /* PlanAndDoTests.m */; };
		28AB85631D8F483D00D93AB7 /* SubTasksCoreDataManager.m in Sources */ = {isa = PBXBuildFile; fileRef = 28AB85621D8F483D00D93AB7 /* SubTasksCoreDataManager.m */; };
		28AB85671D8F486100D93AB7 /* UserCoreDataManager.m in Sources */ = {isa = PBXBuildFile; fileRef = 28AB85661D8F486100D93AB7 /* UserCoreDataManager.m */; };
		28AB856B1D8F48A100D93AB7 /* SettingsCoreDataManager.m in Sources */ = {isa = PBXBuildFile; fileRef = 28AB856A1D8F48A100D93AB7 /* SettingsCoreDataManager.m */; };
		28AB856F1D8F48B300D93AB7 /* CategoryCoreDataManager.m in Sources */ = {isa = PBXBuildFile; fileRef = 28AB856E1D8F48B300D93AB7 /* CategoryCoreDataManager.m */; };
		28B947891D918D72005A8E9A /* EditTaskViewController.m in Sources */ = {isa = PBXBuildFile; fileRef = 28B947881D918D72005A8E9A /* EditTaskViewController.m */; };
		3F0E98291D95868600AAC625 /* ProfileViewController.m in Sources */ = {isa = PBXBuildFile; fileRef = 3F0E98281D95868600AAC625 /* ProfileViewController.m */; };
		3F6B255C1D9BCBA3007A7D70 /* SubTaskTableViewCell.m in Sources */ = {isa = PBXBuildFile; fileRef = 3F6B255B1D9BCBA3007A7D70 /* SubTaskTableViewCell.m */; };
		3FB4A4E81DA565EE00DD9FCA /* LaunchScreenViewController.m in Sources */ = {isa = PBXBuildFile; fileRef = 3FB4A4E71DA565EE00DD9FCA /* LaunchScreenViewController.m */; };
/* End PBXBuildFile section */

/* Begin PBXContainerItemProxy section */
		28A36BC71D81887B0092FEFD /* PBXContainerItemProxy */ = {
			isa = PBXContainerItemProxy;
			containerPortal = 28A36BA21D81887B0092FEFD /* Project object */;
			proxyType = 1;
			remoteGlobalIDString = 28A36BA91D81887B0092FEFD;
			remoteInfo = PlanAndDo;
		};
/* End PBXContainerItemProxy section */

/* Begin PBXFileReference section */
		270DF9DF1D83E217004D3681 /* AMAndroidSideBarViewController.h */ = {isa = PBXFileReference; fileEncoding = 4; lastKnownFileType = sourcecode.c.h; path = AMAndroidSideBarViewController.h; sourceTree = "<group>"; };
		270DF9E01D83E217004D3681 /* AMAndroidSideBarViewController.m */ = {isa = PBXFileReference; fileEncoding = 4; lastKnownFileType = sourcecode.c.objc; path = AMAndroidSideBarViewController.m; sourceTree = "<group>"; };
		270DF9E21D83F0B0004D3681 /* KSApplicationColor.h */ = {isa = PBXFileReference; fileEncoding = 4; lastKnownFileType = sourcecode.c.h; path = KSApplicationColor.h; sourceTree = "<group>"; };
		270DF9E31D83F0B0004D3681 /* KSApplicationColor.m */ = {isa = PBXFileReference; fileEncoding = 4; lastKnownFileType = sourcecode.c.objc; path = KSApplicationColor.m; sourceTree = "<group>"; };
		270DF9E51D83F56E004D3681 /* BaseViewController.h */ = {isa = PBXFileReference; fileEncoding = 4; lastKnownFileType = sourcecode.c.h; path = BaseViewController.h; sourceTree = "<group>"; };
		270DF9E61D83F56E004D3681 /* BaseViewController.m */ = {isa = PBXFileReference; fileEncoding = 4; lastKnownFileType = sourcecode.c.objc; path = BaseViewController.m; sourceTree = "<group>"; };
		272F91BE1D8A678800A0330B /* SelectCategoryViewController.h */ = {isa = PBXFileReference; fileEncoding = 4; lastKnownFileType = sourcecode.c.h; path = SelectCategoryViewController.h; sourceTree = "<group>"; };
		272F91BF1D8A678800A0330B /* SelectCategoryViewController.m */ = {isa = PBXFileReference; fileEncoding = 4; lastKnownFileType = sourcecode.c.objc; path = SelectCategoryViewController.m; sourceTree = "<group>"; };
		272F91C11D8A6C0C00A0330B /* DescriptionViewController.h */ = {isa = PBXFileReference; fileEncoding = 4; lastKnownFileType = sourcecode.c.h; path = DescriptionViewController.h; sourceTree = "<group>"; };
		272F91C21D8A6C0C00A0330B /* DescriptionViewController.m */ = {isa = PBXFileReference; fileEncoding = 4; lastKnownFileType = sourcecode.c.objc; path = DescriptionViewController.m; sourceTree = "<group>"; };
		272F91C41D8A704500A0330B /* TaskListViewController.h */ = {isa = PBXFileReference; fileEncoding = 4; lastKnownFileType = sourcecode.c.h; path = TaskListViewController.h; sourceTree = "<group>"; };
		272F91C51D8A704500A0330B /* TaskListViewController.m */ = {isa = PBXFileReference; fileEncoding = 4; lastKnownFileType = sourcecode.c.objc; path = TaskListViewController.m; sourceTree = "<group>"; };
		272F91C71D8B080700A0330B /* DateAndTimeViewController.h */ = {isa = PBXFileReference; fileEncoding = 4; lastKnownFileType = sourcecode.c.h; path = DateAndTimeViewController.h; sourceTree = "<group>"; };
		272F91C81D8B080700A0330B /* DateAndTimeViewController.m */ = {isa = PBXFileReference; fileEncoding = 4; lastKnownFileType = sourcecode.c.objc; path = DateAndTimeViewController.m; sourceTree = "<group>"; };
		27494DE21D8D3ECE009BFC5F /* KSMenuViewController.h */ = {isa = PBXFileReference; fileEncoding = 4; lastKnownFileType = sourcecode.c.h; path = KSMenuViewController.h; sourceTree = "<group>"; };
		27494DE31D8D3ECE009BFC5F /* KSMenuViewController.m */ = {isa = PBXFileReference; fileEncoding = 4; lastKnownFileType = sourcecode.c.objc; path = KSMenuViewController.m; sourceTree = "<group>"; };
		274AA9401DA7C62100CB6B21 /* Reachability.h */ = {isa = PBXFileReference; fileEncoding = 4; lastKnownFileType = sourcecode.c.h; path = Reachability.h; sourceTree = "<group>"; };
		274AA9411DA7C62100CB6B21 /* Reachability.m */ = {isa = PBXFileReference; fileEncoding = 4; lastKnownFileType = sourcecode.c.objc; path = Reachability.m; sourceTree = "<group>"; };
		2786E7AB1D881507009BDB2A /* LoginViewController.h */ = {isa = PBXFileReference; fileEncoding = 4; lastKnownFileType = sourcecode.c.h; path = LoginViewController.h; sourceTree = "<group>"; };
		2786E7AC1D881507009BDB2A /* LoginViewController.m */ = {isa = PBXFileReference; fileEncoding = 4; lastKnownFileType = sourcecode.c.objc; path = LoginViewController.m; sourceTree = "<group>"; };
		2786E7AE1D883692009BDB2A /* TabletasksViewController.h */ = {isa = PBXFileReference; fileEncoding = 4; lastKnownFileType = sourcecode.c.h; path = TabletasksViewController.h; sourceTree = "<group>"; };
		2786E7AF1D883692009BDB2A /* TabletasksViewController.m */ = {isa = PBXFileReference; fileEncoding = 4; lastKnownFileType = sourcecode.c.objc; path = TabletasksViewController.m; sourceTree = "<group>"; };
		2786E7B11D883F4D009BDB2A /* KSTaskCell.xib */ = {isa = PBXFileReference; fileEncoding = 4; lastKnownFileType = file.xib; path = KSTaskCell.xib; sourceTree = "<group>"; };
		2786E7B31D884421009BDB2A /* TaskTableViewCell.h */ = {isa = PBXFileReference; fileEncoding = 4; lastKnownFileType = sourcecode.c.h; path = TaskTableViewCell.h; sourceTree = "<group>"; };
		2786E7B41D884421009BDB2A /* TaskTableViewCell.m */ = {isa = PBXFileReference; fileEncoding = 4; lastKnownFileType = sourcecode.c.objc; path = TaskTableViewCell.m; sourceTree = "<group>"; };
		278BAA4B1D896E30002D38CF /* AddTaskViewController.h */ = {isa = PBXFileReference; fileEncoding = 4; lastKnownFileType = sourcecode.c.h; path = AddTaskViewController.h; sourceTree = "<group>"; };
		278BAA4C1D896E30002D38CF /* AddTaskViewController.m */ = {isa = PBXFileReference; fileEncoding = 4; lastKnownFileType = sourcecode.c.objc; path = AddTaskViewController.m; sourceTree = "<group>"; };
		278BAA4E1D8977E4002D38CF /* PriorityCell.xib */ = {isa = PBXFileReference; fileEncoding = 4; lastKnownFileType = file.xib; path = PriorityCell.xib; sourceTree = "<group>"; };
		278BAA501D897A36002D38CF /* PriorityCell.h */ = {isa = PBXFileReference; fileEncoding = 4; lastKnownFileType = sourcecode.c.h; path = PriorityCell.h; sourceTree = "<group>"; };
		278BAA511D897A36002D38CF /* PriorityCell.m */ = {isa = PBXFileReference; fileEncoding = 4; lastKnownFileType = sourcecode.c.objc; path = PriorityCell.m; sourceTree = "<group>"; };
		278BAA531D89BA4A002D38CF /* BaseAuthViewController.h */ = {isa = PBXFileReference; fileEncoding = 4; lastKnownFileType = sourcecode.c.h; path = BaseAuthViewController.h; sourceTree = "<group>"; };
		278BAA541D89BA4A002D38CF /* BaseAuthViewController.m */ = {isa = PBXFileReference; fileEncoding = 4; lastKnownFileType = sourcecode.c.objc; path = BaseAuthViewController.m; sourceTree = "<group>"; };
		278BAA561D89BB32002D38CF /* BaseTableViewController.h */ = {isa = PBXFileReference; fileEncoding = 4; lastKnownFileType = sourcecode.c.h; path = BaseTableViewController.h; sourceTree = "<group>"; };
		278BAA571D89BB32002D38CF /* BaseTableViewController.m */ = {isa = PBXFileReference; fileEncoding = 4; lastKnownFileType = sourcecode.c.objc; path = BaseTableViewController.m; sourceTree = "<group>"; };
		27B1A0ED1D818C5B00D47FCD /* KSObject.h */ = {isa = PBXFileReference; fileEncoding = 4; lastKnownFileType = sourcecode.c.h; path = KSObject.h; sourceTree = "<group>"; };
		27B1A0EE1D818C5B00D47FCD /* KSObject.m */ = {isa = PBXFileReference; fileEncoding = 4; lastKnownFileType = sourcecode.c.objc; path = KSObject.m; sourceTree = "<group>"; };
		27B1A0F11D818D0600D47FCD /* KSUserInfo.h */ = {isa = PBXFileReference; fileEncoding = 4; lastKnownFileType = sourcecode.c.h; path = KSUserInfo.h; sourceTree = "<group>"; };
		27B1A0F21D818D0600D47FCD /* KSUserInfo.m */ = {isa = PBXFileReference; fileEncoding = 4; lastKnownFileType = sourcecode.c.objc; path = KSUserInfo.m; sourceTree = "<group>"; };
		27B1A0F51D81933000D47FCD /* KSAuthorisedUser.h */ = {isa = PBXFileReference; fileEncoding = 4; lastKnownFileType = sourcecode.c.h; path = KSAuthorisedUser.h; sourceTree = "<group>"; };
		27B1A0F61D81933000D47FCD /* KSAuthorisedUser.m */ = {isa = PBXFileReference; fileEncoding = 4; lastKnownFileType = sourcecode.c.objc; path = KSAuthorisedUser.m; sourceTree = "<group>"; };
		27B1A0F81D8195A800D47FCD /* UserSettings.h */ = {isa = PBXFileReference; fileEncoding = 4; lastKnownFileType = sourcecode.c.h; path = UserSettings.h; sourceTree = "<group>"; };
		27B1A0F91D8195A800D47FCD /* UserSettings.m */ = {isa = PBXFileReference; fileEncoding = 4; lastKnownFileType = sourcecode.c.objc; path = UserSettings.m; sourceTree = "<group>"; };
		27B1A0FB1D81A12A00D47FCD /* KSShortTask.h */ = {isa = PBXFileReference; fileEncoding = 4; lastKnownFileType = sourcecode.c.h; path = KSShortTask.h; sourceTree = "<group>"; };
		27B1A0FC1D81A12A00D47FCD /* KSShortTask.m */ = {isa = PBXFileReference; fileEncoding = 4; lastKnownFileType = sourcecode.c.objc; path = KSShortTask.m; sourceTree = "<group>"; };
		27B1A0FE1D81A20400D47FCD /* BaseTask.h */ = {isa = PBXFileReference; fileEncoding = 4; lastKnownFileType = sourcecode.c.h; path = BaseTask.h; sourceTree = "<group>"; };
		27B1A0FF1D81A20400D47FCD /* BaseTask.m */ = {isa = PBXFileReference; fileEncoding = 4; lastKnownFileType = sourcecode.c.objc; path = BaseTask.m; sourceTree = "<group>"; };
		27B1A1011D81A3CB00D47FCD /* KSTask.h */ = {isa = PBXFileReference; fileEncoding = 4; lastKnownFileType = sourcecode.c.h; path = KSTask.h; sourceTree = "<group>"; };
		27B1A1021D81A3CB00D47FCD /* KSTask.m */ = {isa = PBXFileReference; fileEncoding = 4; lastKnownFileType = sourcecode.c.objc; path = KSTask.m; sourceTree = "<group>"; };
		27B1A1041D81A61300D47FCD /* KSTaskCollection.h */ = {isa = PBXFileReference; fileEncoding = 4; lastKnownFileType = sourcecode.c.h; path = KSTaskCollection.h; sourceTree = "<group>"; };
		27B1A1051D81A61300D47FCD /* KSTaskCollection.m */ = {isa = PBXFileReference; fileEncoding = 4; lastKnownFileType = sourcecode.c.objc; path = KSTaskCollection.m; sourceTree = "<group>"; };
		2801D18E1D9E927B00A4D1FD /* SyncApiManager.h */ = {isa = PBXFileReference; fileEncoding = 4; lastKnownFileType = sourcecode.c.h; path = SyncApiManager.h; sourceTree = "<group>"; };
		2801D18F1D9E927B00A4D1FD /* SyncApiManager.m */ = {isa = PBXFileReference; fileEncoding = 4; lastKnownFileType = sourcecode.c.objc; path = SyncApiManager.m; sourceTree = "<group>"; };
		2801D1921D9E97DA00A4D1FD /* FileManager.h */ = {isa = PBXFileReference; fileEncoding = 4; lastKnownFileType = sourcecode.c.h; path = FileManager.h; sourceTree = "<group>"; };
		2801D1931D9E97DA00A4D1FD /* FileManager.m */ = {isa = PBXFileReference; fileEncoding = 4; lastKnownFileType = sourcecode.c.objc; path = FileManager.m; sourceTree = "<group>"; };
		2803AF7B1D8A8EBF0032ACFB /* KSSettingsCell.xib */ = {isa = PBXFileReference; fileEncoding = 4; lastKnownFileType = file.xib; name = KSSettingsCell.xib; path = ../KSSettingsCell.xib; sourceTree = "<group>"; };
		2803AF7F1D8A8F190032ACFB /* KSSettingsCell.h */ = {isa = PBXFileReference; fileEncoding = 4; lastKnownFileType = sourcecode.c.h; path = KSSettingsCell.h; sourceTree = "<group>"; };
		2803AF801D8A8F190032ACFB /* KSSettingsCell.m */ = {isa = PBXFileReference; fileEncoding = 4; lastKnownFileType = sourcecode.c.objc; path = KSSettingsCell.m; sourceTree = "<group>"; };
		2803AF841D8AA0AC0032ACFB /* FormatDateViewController.h */ = {isa = PBXFileReference; fileEncoding = 4; lastKnownFileType = sourcecode.c.h; name = FormatDateViewController.h; path = ../FormatDateViewController.h; sourceTree = "<group>"; };
		2803AF851D8AA0AC0032ACFB /* FormatDateViewController.m */ = {isa = PBXFileReference; fileEncoding = 4; lastKnownFileType = sourcecode.c.objc; name = FormatDateViewController.m; path = ../FormatDateViewController.m; sourceTree = "<group>"; };
		2803AF871D8AA4320032ACFB /* KSCheckSettingsTableViewCell.xib */ = {isa = PBXFileReference; fileEncoding = 4; lastKnownFileType = file.xib; path = KSCheckSettingsTableViewCell.xib; sourceTree = "<group>"; };
		2803AF891D8AA5560032ACFB /* KSCheckSettingsTableViewCell.h */ = {isa = PBXFileReference; fileEncoding = 4; lastKnownFileType = sourcecode.c.h; path = KSCheckSettingsTableViewCell.h; sourceTree = "<group>"; };
		2803AF8A1D8AA5560032ACFB /* KSCheckSettingsTableViewCell.m */ = {isa = PBXFileReference; fileEncoding = 4; lastKnownFileType = sourcecode.c.objc; path = KSCheckSettingsTableViewCell.m; sourceTree = "<group>"; };
		2803AF8C1D8AA8ED0032ACFB /* FormatTimeViewController.h */ = {isa = PBXFileReference; fileEncoding = 4; lastKnownFileType = sourcecode.c.h; path = FormatTimeViewController.h; sourceTree = "<group>"; };
		2803AF8D1D8AA8ED0032ACFB /* FormatTimeViewController.m */ = {isa = PBXFileReference; fileEncoding = 4; lastKnownFileType = sourcecode.c.objc; path = FormatTimeViewController.m; sourceTree = "<group>"; };
		2803AF8F1D8AAA710032ACFB /* StartDayViewController.h */ = {isa = PBXFileReference; fileEncoding = 4; lastKnownFileType = sourcecode.c.h; path = StartDayViewController.h; sourceTree = "<group>"; };
		2803AF901D8AAA710032ACFB /* StartDayViewController.m */ = {isa = PBXFileReference; fileEncoding = 4; lastKnownFileType = sourcecode.c.objc; path = StartDayViewController.m; sourceTree = "<group>"; };
		2803AF921D8AAB1D0032ACFB /* StartPageViewController.h */ = {isa = PBXFileReference; fileEncoding = 4; lastKnownFileType = sourcecode.c.h; path = StartPageViewController.h; sourceTree = "<group>"; };
		2803AF931D8AAB1D0032ACFB /* StartPageViewController.m */ = {isa = PBXFileReference; fileEncoding = 4; lastKnownFileType = sourcecode.c.objc; path = StartPageViewController.m; sourceTree = "<group>"; };
		2805391F1D900F2900868ACF /* MGSwipeButton.h */ = {isa = PBXFileReference; fileEncoding = 4; lastKnownFileType = sourcecode.c.h; path = MGSwipeButton.h; sourceTree = "<group>"; };
		280539201D900F2900868ACF /* MGSwipeButton.m */ = {isa = PBXFileReference; fileEncoding = 4; lastKnownFileType = sourcecode.c.objc; path = MGSwipeButton.m; sourceTree = "<group>"; };
		280539211D900F2900868ACF /* MGSwipeTableCell.h */ = {isa = PBXFileReference; fileEncoding = 4; lastKnownFileType = sourcecode.c.h; path = MGSwipeTableCell.h; sourceTree = "<group>"; };
		280539221D900F2900868ACF /* MGSwipeTableCell.m */ = {isa = PBXFileReference; fileEncoding = 4; lastKnownFileType = sourcecode.c.objc; path = MGSwipeTableCell.m; sourceTree = "<group>"; };
		28214C811D93D30F0012B1C7 /* TasksApplicationManager.h */ = {isa = PBXFileReference; fileEncoding = 4; lastKnownFileType = sourcecode.c.h; path = TasksApplicationManager.h; sourceTree = "<group>"; };
		28214C821D93D30F0012B1C7 /* TasksApplicationManager.m */ = {isa = PBXFileReference; fileEncoding = 4; lastKnownFileType = sourcecode.c.objc; path = TasksApplicationManager.m; sourceTree = "<group>"; };
		28214C851D93D3260012B1C7 /* SubTasksApplicationManager.h */ = {isa = PBXFileReference; fileEncoding = 4; lastKnownFileType = sourcecode.c.h; path = SubTasksApplicationManager.h; sourceTree = "<group>"; };
		28214C861D93D3260012B1C7 /* SubTasksApplicationManager.m */ = {isa = PBXFileReference; fileEncoding = 4; lastKnownFileType = sourcecode.c.objc; path = SubTasksApplicationManager.m; sourceTree = "<group>"; };
		28214C891D93D33E0012B1C7 /* UserApplicationManager.h */ = {isa = PBXFileReference; fileEncoding = 4; lastKnownFileType = sourcecode.c.h; path = UserApplicationManager.h; sourceTree = "<group>"; };
		28214C8A1D93D33E0012B1C7 /* UserApplicationManager.m */ = {isa = PBXFileReference; fileEncoding = 4; lastKnownFileType = sourcecode.c.objc; path = UserApplicationManager.m; sourceTree = "<group>"; };
		28214C8D1D93D3510012B1C7 /* SettingsApplicationManager.h */ = {isa = PBXFileReference; fileEncoding = 4; lastKnownFileType = sourcecode.c.h; path = SettingsApplicationManager.h; sourceTree = "<group>"; };
		28214C8E1D93D3510012B1C7 /* SettingsApplicationManager.m */ = {isa = PBXFileReference; fileEncoding = 4; lastKnownFileType = sourcecode.c.objc; path = SettingsApplicationManager.m; sourceTree = "<group>"; };
		28214C911D93D36E0012B1C7 /* CategoryApplicationManager.h */ = {isa = PBXFileReference; fileEncoding = 4; lastKnownFileType = sourcecode.c.h; path = CategoryApplicationManager.h; sourceTree = "<group>"; };
		28214C921D93D36E0012B1C7 /* CategoryApplicationManager.m */ = {isa = PBXFileReference; fileEncoding = 4; lastKnownFileType = sourcecode.c.objc; path = CategoryApplicationManager.m; sourceTree = "<group>"; };
		28214C991D93E2D60012B1C7 /* SyncApplicationManager.h */ = {isa = PBXFileReference; fileEncoding = 4; lastKnownFileType = sourcecode.c.h; path = SyncApplicationManager.h; sourceTree = "<group>"; };
		28214C9A1D93E2D60012B1C7 /* SyncApplicationManager.m */ = {isa = PBXFileReference; fileEncoding = 4; lastKnownFileType = sourcecode.c.objc; path = SyncApplicationManager.m; sourceTree = "<group>"; };
		2822CBF51D9554CE00779984 /* NSDate+LocalTime.h */ = {isa = PBXFileReference; fileEncoding = 4; lastKnownFileType = sourcecode.c.h; path = "NSDate+LocalTime.h"; sourceTree = "<group>"; };
		2822CBF61D9554CE00779984 /* NSDate+LocalTime.m */ = {isa = PBXFileReference; fileEncoding = 4; lastKnownFileType = sourcecode.c.objc; path = "NSDate+LocalTime.m"; sourceTree = "<group>"; };
		282C28C41D829A600061761E /* AMSideBarViewController.h */ = {isa = PBXFileReference; fileEncoding = 4; lastKnownFileType = sourcecode.c.h; path = AMSideBarViewController.h; sourceTree = "<group>"; };
		282C28C51D829A600061761E /* AMSideBarViewController.m */ = {isa = PBXFileReference; fileEncoding = 4; lastKnownFileType = sourcecode.c.objc; path = AMSideBarViewController.m; sourceTree = "<group>"; };
		284F9C391D8DCFF500B0853F /* TasksCoreDataManager.h */ = {isa = PBXFileReference; fileEncoding = 4; lastKnownFileType = sourcecode.c.h; path = TasksCoreDataManager.h; sourceTree = "<group>"; };
		284F9C3A1D8DCFF500B0853F /* TasksCoreDataManager.m */ = {isa = PBXFileReference; fileEncoding = 4; lastKnownFileType = sourcecode.c.objc; path = TasksCoreDataManager.m; sourceTree = "<group>"; };
		2855F2BD1D9D109B007766F0 /* ApplicationDefines.h */ = {isa = PBXFileReference; lastKnownFileType = sourcecode.c.h; path = ApplicationDefines.h; sourceTree = "<group>"; };
		28616D481D93F90D00BB2CCE /* ACNetworkManager.h */ = {isa = PBXFileReference; fileEncoding = 4; lastKnownFileType = sourcecode.c.h; path = ACNetworkManager.h; sourceTree = "<group>"; };
		28616D491D93F90D00BB2CCE /* ACNetworkManager.m */ = {isa = PBXFileReference; fileEncoding = 4; lastKnownFileType = sourcecode.c.objc; path = ACNetworkManager.m; sourceTree = "<group>"; };
		286E261E1D883FF00055A7BF /* SettingsViewController.h */ = {isa = PBXFileReference; fileEncoding = 4; lastKnownFileType = sourcecode.c.h; path = SettingsViewController.h; sourceTree = "<group>"; };
		286E261F1D883FF00055A7BF /* SettingsViewController.m */ = {isa = PBXFileReference; fileEncoding = 4; lastKnownFileType = sourcecode.c.objc; path = SettingsViewController.m; sourceTree = "<group>"; };
		287884051D8E07E600C17A4F /* KSCategory.h */ = {isa = PBXFileReference; fileEncoding = 4; lastKnownFileType = sourcecode.c.h; path = KSCategory.h; sourceTree = "<group>"; };
		287884061D8E07E600C17A4F /* KSCategory.m */ = {isa = PBXFileReference; fileEncoding = 4; lastKnownFileType = sourcecode.c.objc; path = KSCategory.m; sourceTree = "<group>"; };
		28797F6F1D87E24500AEDE0A /* UIImage+ACScaleImage.h */ = {isa = PBXFileReference; fileEncoding = 4; lastKnownFileType = sourcecode.c.h; path = "UIImage+ACScaleImage.h"; sourceTree = "<group>"; };
		28797F701D87E24500AEDE0A /* UIImage+ACScaleImage.m */ = {isa = PBXFileReference; fileEncoding = 4; lastKnownFileType = sourcecode.c.objc; path = "UIImage+ACScaleImage.m"; sourceTree = "<group>"; };
		28797F721D88202C00AEDE0A /* CreateAccountViewController.h */ = {isa = PBXFileReference; fileEncoding = 4; lastKnownFileType = sourcecode.c.h; path = CreateAccountViewController.h; sourceTree = "<group>"; };
		28797F731D88202C00AEDE0A /* CreateAccountViewController.m */ = {isa = PBXFileReference; fileEncoding = 4; lastKnownFileType = sourcecode.c.objc; path = CreateAccountViewController.m; sourceTree = "<group>"; };
		28797F751D88309200AEDE0A /* NewPasswordViewController.h */ = {isa = PBXFileReference; fileEncoding = 4; lastKnownFileType = sourcecode.c.h; path = NewPasswordViewController.h; sourceTree = "<group>"; };
		28797F761D88309200AEDE0A /* NewPasswordViewController.m */ = {isa = PBXFileReference; fileEncoding = 4; lastKnownFileType = sourcecode.c.objc; path = NewPasswordViewController.m; sourceTree = "<group>"; };
		28797F781D88370600AEDE0A /* ChangeEmailViewController.h */ = {isa = PBXFileReference; fileEncoding = 4; lastKnownFileType = sourcecode.c.h; name = ChangeEmailViewController.h; path = ../ChangeEmailViewController.h; sourceTree = "<group>"; };
		28797F791D88370600AEDE0A /* ChangeEmailViewController.m */ = {isa = PBXFileReference; fileEncoding = 4; lastKnownFileType = sourcecode.c.objc; name = ChangeEmailViewController.m; path = ../ChangeEmailViewController.m; sourceTree = "<group>"; };
		2884ABFB1D8D43B700A2F7D9 /* CoreDataManager.h */ = {isa = PBXFileReference; fileEncoding = 4; lastKnownFileType = sourcecode.c.h; path = CoreDataManager.h; sourceTree = "<group>"; };
		2884ABFC1D8D43B700A2F7D9 /* CoreDataManager.m */ = {isa = PBXFileReference; fileEncoding = 4; lastKnownFileType = sourcecode.c.objc; path = CoreDataManager.m; sourceTree = "<group>"; };
		28943CF51D9302D500BC8A69 /* ApiManager.h */ = {isa = PBXFileReference; fileEncoding = 4; lastKnownFileType = sourcecode.c.h; path = ApiManager.h; sourceTree = "<group>"; };
		28943CF61D9302D500BC8A69 /* ApiManager.m */ = {isa = PBXFileReference; fileEncoding = 4; lastKnownFileType = sourcecode.c.objc; path = ApiManager.m; sourceTree = "<group>"; };
		28943CF81D93032000BC8A69 /* TasksApiManager.h */ = {isa = PBXFileReference; fileEncoding = 4; lastKnownFileType = sourcecode.c.h; path = TasksApiManager.h; sourceTree = "<group>"; };
		28943CF91D93032000BC8A69 /* TasksApiManager.m */ = {isa = PBXFileReference; fileEncoding = 4; lastKnownFileType = sourcecode.c.objc; path = TasksApiManager.m; sourceTree = "<group>"; };
		28943CFB1D93037500BC8A69 /* SubTasksApiManager.h */ = {isa = PBXFileReference; fileEncoding = 4; lastKnownFileType = sourcecode.c.h; path = SubTasksApiManager.h; sourceTree = "<group>"; };
		28943CFC1D93037500BC8A69 /* SubTasksApiManager.m */ = {isa = PBXFileReference; fileEncoding = 4; lastKnownFileType = sourcecode.c.objc; path = SubTasksApiManager.m; sourceTree = "<group>"; };
		28943CFE1D93038600BC8A69 /* UserApiManager.h */ = {isa = PBXFileReference; fileEncoding = 4; lastKnownFileType = sourcecode.c.h; path = UserApiManager.h; sourceTree = "<group>"; };
		28943CFF1D93038600BC8A69 /* UserApiManager.m */ = {isa = PBXFileReference; fileEncoding = 4; lastKnownFileType = sourcecode.c.objc; path = UserApiManager.m; sourceTree = "<group>"; };
		28943D011D93039500BC8A69 /* SettingsApiManager.h */ = {isa = PBXFileReference; fileEncoding = 4; lastKnownFileType = sourcecode.c.h; path = SettingsApiManager.h; sourceTree = "<group>"; };
		28943D021D93039500BC8A69 /* SettingsApiManager.m */ = {isa = PBXFileReference; fileEncoding = 4; lastKnownFileType = sourcecode.c.objc; path = SettingsApiManager.m; sourceTree = "<group>"; };
		28943D041D9303A800BC8A69 /* CategoryApiManager.h */ = {isa = PBXFileReference; fileEncoding = 4; lastKnownFileType = sourcecode.c.h; path = CategoryApiManager.h; sourceTree = "<group>"; };
		28943D051D9303A800BC8A69 /* CategoryApiManager.m */ = {isa = PBXFileReference; fileEncoding = 4; lastKnownFileType = sourcecode.c.objc; path = CategoryApiManager.m; sourceTree = "<group>"; };
		28943D0C1D9303EF00BC8A69 /* ApplicationManager.h */ = {isa = PBXFileReference; fileEncoding = 4; lastKnownFileType = sourcecode.c.h; path = ApplicationManager.h; sourceTree = "<group>"; };
		28943D0D1D9303EF00BC8A69 /* ApplicationManager.m */ = {isa = PBXFileReference; fileEncoding = 4; lastKnownFileType = sourcecode.c.objc; path = ApplicationManager.m; sourceTree = "<group>"; };
		28A36BAA1D81887B0092FEFD /* PlanAndDo.app */ = {isa = PBXFileReference; explicitFileType = wrapper.application; includeInIndex = 0; path = PlanAndDo.app; sourceTree = BUILT_PRODUCTS_DIR; };
		28A36BAE1D81887B0092FEFD /* main.m */ = {isa = PBXFileReference; lastKnownFileType = sourcecode.c.objc; path = main.m; sourceTree = "<group>"; };
		28A36BB01D81887B0092FEFD /* AppDelegate.h */ = {isa = PBXFileReference; lastKnownFileType = sourcecode.c.h; path = AppDelegate.h; sourceTree = "<group>"; };
		28A36BB11D81887B0092FEFD /* AppDelegate.m */ = {isa = PBXFileReference; lastKnownFileType = sourcecode.c.objc; path = AppDelegate.m; sourceTree = "<group>"; };
		28A36BB71D81887B0092FEFD /* Base */ = {isa = PBXFileReference; lastKnownFileType = file.storyboard; name = Base; path = Base.lproj/Main.storyboard; sourceTree = "<group>"; };
		28A36BBA1D81887B0092FEFD /* PlanAndDo.xcdatamodel */ = {isa = PBXFileReference; lastKnownFileType = wrapper.xcdatamodel; path = PlanAndDo.xcdatamodel; sourceTree = "<group>"; };
		28A36BBC1D81887B0092FEFD /* Assets.xcassets */ = {isa = PBXFileReference; lastKnownFileType = folder.assetcatalog; path = Assets.xcassets; sourceTree = "<group>"; };
		28A36BBF1D81887B0092FEFD /* Base */ = {isa = PBXFileReference; lastKnownFileType = file.storyboard; name = Base; path = Base.lproj/LaunchScreen.storyboard; sourceTree = "<group>"; };
		28A36BC11D81887B0092FEFD /* Info.plist */ = {isa = PBXFileReference; lastKnownFileType = text.plist.xml; path = Info.plist; sourceTree = "<group>"; };
		28A36BC61D81887B0092FEFD /* PlanAndDoTests.xctest */ = {isa = PBXFileReference; explicitFileType = wrapper.cfbundle; includeInIndex = 0; path = PlanAndDoTests.xctest; sourceTree = BUILT_PRODUCTS_DIR; };
		28A36BCA1D81887B0092FEFD /* PlanAndDoTests.m */ = {isa = PBXFileReference; lastKnownFileType = sourcecode.c.objc; path = PlanAndDoTests.m; sourceTree = "<group>"; };
		28A36BCC1D81887B0092FEFD /* Info.plist */ = {isa = PBXFileReference; lastKnownFileType = text.plist.xml; path = Info.plist; sourceTree = "<group>"; };
		28AB85611D8F483D00D93AB7 /* SubTasksCoreDataManager.h */ = {isa = PBXFileReference; fileEncoding = 4; lastKnownFileType = sourcecode.c.h; path = SubTasksCoreDataManager.h; sourceTree = "<group>"; };
		28AB85621D8F483D00D93AB7 /* SubTasksCoreDataManager.m */ = {isa = PBXFileReference; fileEncoding = 4; lastKnownFileType = sourcecode.c.objc; path = SubTasksCoreDataManager.m; sourceTree = "<group>"; };
		28AB85651D8F486100D93AB7 /* UserCoreDataManager.h */ = {isa = PBXFileReference; fileEncoding = 4; lastKnownFileType = sourcecode.c.h; path = UserCoreDataManager.h; sourceTree = "<group>"; };
		28AB85661D8F486100D93AB7 /* UserCoreDataManager.m */ = {isa = PBXFileReference; fileEncoding = 4; lastKnownFileType = sourcecode.c.objc; path = UserCoreDataManager.m; sourceTree = "<group>"; };
		28AB85691D8F48A100D93AB7 /* SettingsCoreDataManager.h */ = {isa = PBXFileReference; fileEncoding = 4; lastKnownFileType = sourcecode.c.h; path = SettingsCoreDataManager.h; sourceTree = "<group>"; };
		28AB856A1D8F48A100D93AB7 /* SettingsCoreDataManager.m */ = {isa = PBXFileReference; fileEncoding = 4; lastKnownFileType = sourcecode.c.objc; path = SettingsCoreDataManager.m; sourceTree = "<group>"; };
		28AB856D1D8F48B300D93AB7 /* CategoryCoreDataManager.h */ = {isa = PBXFileReference; fileEncoding = 4; lastKnownFileType = sourcecode.c.h; path = CategoryCoreDataManager.h; sourceTree = "<group>"; };
		28AB856E1D8F48B300D93AB7 /* CategoryCoreDataManager.m */ = {isa = PBXFileReference; fileEncoding = 4; lastKnownFileType = sourcecode.c.objc; path = CategoryCoreDataManager.m; sourceTree = "<group>"; };
		28B947871D918D72005A8E9A /* EditTaskViewController.h */ = {isa = PBXFileReference; fileEncoding = 4; lastKnownFileType = sourcecode.c.h; path = EditTaskViewController.h; sourceTree = "<group>"; };
		28B947881D918D72005A8E9A /* EditTaskViewController.m */ = {isa = PBXFileReference; fileEncoding = 4; lastKnownFileType = sourcecode.c.objc; path = EditTaskViewController.m; sourceTree = "<group>"; };
		3F0E98271D95868600AAC625 /* ProfileViewController.h */ = {isa = PBXFileReference; fileEncoding = 4; lastKnownFileType = sourcecode.c.h; path = ProfileViewController.h; sourceTree = "<group>"; };
		3F0E98281D95868600AAC625 /* ProfileViewController.m */ = {isa = PBXFileReference; fileEncoding = 4; lastKnownFileType = sourcecode.c.objc; path = ProfileViewController.m; sourceTree = "<group>"; };
		3F6B255A1D9BCBA3007A7D70 /* SubTaskTableViewCell.h */ = {isa = PBXFileReference; fileEncoding = 4; lastKnownFileType = sourcecode.c.h; path = SubTaskTableViewCell.h; sourceTree = "<group>"; };
		3F6B255B1D9BCBA3007A7D70 /* SubTaskTableViewCell.m */ = {isa = PBXFileReference; fileEncoding = 4; lastKnownFileType = sourcecode.c.objc; path = SubTaskTableViewCell.m; sourceTree = "<group>"; };
		3FB4A4E61DA565EE00DD9FCA /* LaunchScreenViewController.h */ = {isa = PBXFileReference; fileEncoding = 4; lastKnownFileType = sourcecode.c.h; path = LaunchScreenViewController.h; sourceTree = "<group>"; };
		3FB4A4E71DA565EE00DD9FCA /* LaunchScreenViewController.m */ = {isa = PBXFileReference; fileEncoding = 4; lastKnownFileType = sourcecode.c.objc; path = LaunchScreenViewController.m; sourceTree = "<group>"; };
/* End PBXFileReference section */

/* Begin PBXFrameworksBuildPhase section */
		28A36BA71D81887B0092FEFD /* Frameworks */ = {
			isa = PBXFrameworksBuildPhase;
			buildActionMask = 2147483647;
			files = (
			);
			runOnlyForDeploymentPostprocessing = 0;
		};
		28A36BC31D81887B0092FEFD /* Frameworks */ = {
			isa = PBXFrameworksBuildPhase;
			buildActionMask = 2147483647;
			files = (
			);
			runOnlyForDeploymentPostprocessing = 0;
		};
/* End PBXFrameworksBuildPhase section */

/* Begin PBXGroup section */
		27B1A0F01D818C9900D47FCD /* Models */ = {
			isa = PBXGroup;
			children = (
				282C28CA1D829C610061761E /* KSObject */,
				27B1A1081D81A98100D47FCD /* TaskModels */,
				27B1A1071D81A96F00D47FCD /* UserModels */,
				28AF3EF41D9D1D1C000467EC /* ApplicationColor */,
			);
			name = Models;
			sourceTree = "<group>";
		};
		27B1A1071D81A96F00D47FCD /* UserModels */ = {
			isa = PBXGroup;
			children = (
				27B1A0F11D818D0600D47FCD /* KSUserInfo.h */,
				27B1A0F21D818D0600D47FCD /* KSUserInfo.m */,
				27B1A0F51D81933000D47FCD /* KSAuthorisedUser.h */,
				27B1A0F61D81933000D47FCD /* KSAuthorisedUser.m */,
				27B1A0F81D8195A800D47FCD /* UserSettings.h */,
				27B1A0F91D8195A800D47FCD /* UserSettings.m */,
				287884051D8E07E600C17A4F /* KSCategory.h */,
				287884061D8E07E600C17A4F /* KSCategory.m */,
			);
			name = UserModels;
			sourceTree = "<group>";
		};
		27B1A1081D81A98100D47FCD /* TaskModels */ = {
			isa = PBXGroup;
			children = (
				27B1A0FB1D81A12A00D47FCD /* KSShortTask.h */,
				27B1A0FC1D81A12A00D47FCD /* KSShortTask.m */,
				27B1A0FE1D81A20400D47FCD /* BaseTask.h */,
				27B1A0FF1D81A20400D47FCD /* BaseTask.m */,
				27B1A1011D81A3CB00D47FCD /* KSTask.h */,
				27B1A1021D81A3CB00D47FCD /* KSTask.m */,
				27B1A1041D81A61300D47FCD /* KSTaskCollection.h */,
				27B1A1051D81A61300D47FCD /* KSTaskCollection.m */,
			);
			name = TaskModels;
			sourceTree = "<group>";
		};
		27C7F1F41DACCCC700AFD1B0 /* Reachability */ = {
			isa = PBXGroup;
			children = (
				274AA9401DA7C62100CB6B21 /* Reachability.h */,
				274AA9411DA7C62100CB6B21 /* Reachability.m */,
			);
			name = Reachability;
			sourceTree = "<group>";
		};
		27C7F1F51DACCCE800AFD1B0 /* LaunchScreen */ = {
			isa = PBXGroup;
			children = (
				3FB4A4E61DA565EE00DD9FCA /* LaunchScreenViewController.h */,
				3FB4A4E71DA565EE00DD9FCA /* LaunchScreenViewController.m */,
			);
			name = LaunchScreen;
			sourceTree = "<group>";
		};
		2801D1911D9E935600A4D1FD /* SyncApiManager */ = {
			isa = PBXGroup;
			children = (
				2801D18E1D9E927B00A4D1FD /* SyncApiManager.h */,
				2801D18F1D9E927B00A4D1FD /* SyncApiManager.m */,
			);
			name = SyncApiManager;
			sourceTree = "<group>";
		};
		2801D1951D9E9C1E00A4D1FD /* FileManager */ = {
			isa = PBXGroup;
			children = (
				2801D1921D9E97DA00A4D1FD /* FileManager.h */,
				2801D1931D9E97DA00A4D1FD /* FileManager.m */,
			);
			name = FileManager;
			sourceTree = "<group>";
		};
		2803AF7D1D8A8EE20032ACFB /* PriorityCell */ = {
			isa = PBXGroup;
			children = (
				278BAA4E1D8977E4002D38CF /* PriorityCell.xib */,
				278BAA501D897A36002D38CF /* PriorityCell.h */,
				278BAA511D897A36002D38CF /* PriorityCell.m */,
			);
			name = PriorityCell;
			sourceTree = "<group>";
		};
		2803AF7E1D8A8EE70032ACFB /* TaskTableViewCell */ = {
			isa = PBXGroup;
			children = (
				2786E7B31D884421009BDB2A /* TaskTableViewCell.h */,
				2786E7B11D883F4D009BDB2A /* KSTaskCell.xib */,
				2786E7B41D884421009BDB2A /* TaskTableViewCell.m */,
			);
			name = TaskTableViewCell;
			sourceTree = "<group>";
		};
		2803AF821D8A8F1E0032ACFB /* SettingsCell */ = {
			isa = PBXGroup;
			children = (
				2803AF7B1D8A8EBF0032ACFB /* KSSettingsCell.xib */,
				2803AF7F1D8A8F190032ACFB /* KSSettingsCell.h */,
				2803AF801D8A8F190032ACFB /* KSSettingsCell.m */,
			);
			name = SettingsCell;
			sourceTree = "<group>";
		};
		2803AF951D8AB9A80032ACFB /* BaseViewController */ = {
			isa = PBXGroup;
			children = (
				28EF10131D915892005867C4 /* DateAndTime */,
				2803AFA51D8ABA3E0032ACFB /* Description */,
				2803AF961D8AB9B20032ACFB /* BaseAuthViewController */,
				2803AF971D8AB9BC0032ACFB /* BaseTableViewController */,
				270DF9E51D83F56E004D3681 /* BaseViewController.h */,
				270DF9E61D83F56E004D3681 /* BaseViewController.m */,
			);
			name = BaseViewController;
			sourceTree = "<group>";
		};
		2803AF961D8AB9B20032ACFB /* BaseAuthViewController */ = {
			isa = PBXGroup;
			children = (
				2803AF9D1D8ABA020032ACFB /* ChangeEmail */,
				2803AF9E1D8ABA0B0032ACFB /* Login */,
				2803AF9F1D8ABA100032ACFB /* CreateAccount */,
				2803AFA01D8ABA170032ACFB /* NewPassword */,
				278BAA531D89BA4A002D38CF /* BaseAuthViewController.h */,
				278BAA541D89BA4A002D38CF /* BaseAuthViewController.m */,
			);
			name = BaseAuthViewController;
			sourceTree = "<group>";
		};
		2803AF971D8AB9BC0032ACFB /* BaseTableViewController */ = {
			isa = PBXGroup;
			children = (
				3FCD89411D994D1D00A00377 /* Profile */,
				28B9478A1D918D7F005A8E9A /* EditTask */,
				280539261D90376900868ACF /* Menu */,
				2803AF981D8AB9CC0032ACFB /* FormatDate */,
				2803AF991D8AB9D40032ACFB /* StartDay */,
				2803AF9A1D8AB9DB0032ACFB /* StartPage */,
				2803AF9B1D8AB9E50032ACFB /* FormatTime */,
				2803AFA11D8ABA1E0032ACFB /* TableTasks */,
				2803AFA21D8ABA240032ACFB /* Settings */,
				2803AFA31D8ABA290032ACFB /* AddTask */,
				2803AFA41D8ABA2F0032ACFB /* SelectCategory */,
				2803AFA61D8ABA470032ACFB /* TaskList */,
				278BAA561D89BB32002D38CF /* BaseTableViewController.h */,
				278BAA571D89BB32002D38CF /* BaseTableViewController.m */,
			);
			name = BaseTableViewController;
			sourceTree = "<group>";
		};
		2803AF981D8AB9CC0032ACFB /* FormatDate */ = {
			isa = PBXGroup;
			children = (
				2803AF841D8AA0AC0032ACFB /* FormatDateViewController.h */,
				2803AF851D8AA0AC0032ACFB /* FormatDateViewController.m */,
			);
			name = FormatDate;
			sourceTree = "<group>";
		};
		2803AF991D8AB9D40032ACFB /* StartDay */ = {
			isa = PBXGroup;
			children = (
				2803AF8F1D8AAA710032ACFB /* StartDayViewController.h */,
				2803AF901D8AAA710032ACFB /* StartDayViewController.m */,
			);
			name = StartDay;
			sourceTree = "<group>";
		};
		2803AF9A1D8AB9DB0032ACFB /* StartPage */ = {
			isa = PBXGroup;
			children = (
				2803AF921D8AAB1D0032ACFB /* StartPageViewController.h */,
				2803AF931D8AAB1D0032ACFB /* StartPageViewController.m */,
			);
			name = StartPage;
			sourceTree = "<group>";
		};
		2803AF9B1D8AB9E50032ACFB /* FormatTime */ = {
			isa = PBXGroup;
			children = (
				2803AF8C1D8AA8ED0032ACFB /* FormatTimeViewController.h */,
				2803AF8D1D8AA8ED0032ACFB /* FormatTimeViewController.m */,
			);
			name = FormatTime;
			sourceTree = "<group>";
		};
		2803AF9C1D8AB9F80032ACFB /* AndroidSideBar */ = {
			isa = PBXGroup;
			children = (
				270DF9DF1D83E217004D3681 /* AMAndroidSideBarViewController.h */,
				270DF9E01D83E217004D3681 /* AMAndroidSideBarViewController.m */,
			);
			name = AndroidSideBar;
			sourceTree = "<group>";
		};
		2803AF9D1D8ABA020032ACFB /* ChangeEmail */ = {
			isa = PBXGroup;
			children = (
				28797F781D88370600AEDE0A /* ChangeEmailViewController.h */,
				28797F791D88370600AEDE0A /* ChangeEmailViewController.m */,
			);
			name = ChangeEmail;
			sourceTree = "<group>";
		};
		2803AF9E1D8ABA0B0032ACFB /* Login */ = {
			isa = PBXGroup;
			children = (
				2786E7AB1D881507009BDB2A /* LoginViewController.h */,
				2786E7AC1D881507009BDB2A /* LoginViewController.m */,
			);
			name = Login;
			sourceTree = "<group>";
		};
		2803AF9F1D8ABA100032ACFB /* CreateAccount */ = {
			isa = PBXGroup;
			children = (
				28797F721D88202C00AEDE0A /* CreateAccountViewController.h */,
				28797F731D88202C00AEDE0A /* CreateAccountViewController.m */,
			);
			name = CreateAccount;
			sourceTree = "<group>";
		};
		2803AFA01D8ABA170032ACFB /* NewPassword */ = {
			isa = PBXGroup;
			children = (
				28797F751D88309200AEDE0A /* NewPasswordViewController.h */,
				28797F761D88309200AEDE0A /* NewPasswordViewController.m */,
			);
			name = NewPassword;
			sourceTree = "<group>";
		};
		2803AFA11D8ABA1E0032ACFB /* TableTasks */ = {
			isa = PBXGroup;
			children = (
				2786E7AE1D883692009BDB2A /* TabletasksViewController.h */,
				2786E7AF1D883692009BDB2A /* TabletasksViewController.m */,
			);
			name = TableTasks;
			sourceTree = "<group>";
		};
		2803AFA21D8ABA240032ACFB /* Settings */ = {
			isa = PBXGroup;
			children = (
				286E261E1D883FF00055A7BF /* SettingsViewController.h */,
				286E261F1D883FF00055A7BF /* SettingsViewController.m */,
			);
			name = Settings;
			sourceTree = "<group>";
		};
		2803AFA31D8ABA290032ACFB /* AddTask */ = {
			isa = PBXGroup;
			children = (
				278BAA4B1D896E30002D38CF /* AddTaskViewController.h */,
				278BAA4C1D896E30002D38CF /* AddTaskViewController.m */,
			);
			name = AddTask;
			sourceTree = "<group>";
		};
		2803AFA41D8ABA2F0032ACFB /* SelectCategory */ = {
			isa = PBXGroup;
			children = (
				272F91BE1D8A678800A0330B /* SelectCategoryViewController.h */,
				272F91BF1D8A678800A0330B /* SelectCategoryViewController.m */,
			);
			name = SelectCategory;
			sourceTree = "<group>";
		};
		2803AFA51D8ABA3E0032ACFB /* Description */ = {
			isa = PBXGroup;
			children = (
				272F91C11D8A6C0C00A0330B /* DescriptionViewController.h */,
				272F91C21D8A6C0C00A0330B /* DescriptionViewController.m */,
			);
			name = Description;
			sourceTree = "<group>";
		};
		2803AFA61D8ABA470032ACFB /* TaskList */ = {
			isa = PBXGroup;
			children = (
				272F91C41D8A704500A0330B /* TaskListViewController.h */,
				272F91C51D8A704500A0330B /* TaskListViewController.m */,
			);
			name = TaskList;
			sourceTree = "<group>";
		};
		2803AFA71D8ABA580032ACFB /* CheckSettingsCell */ = {
			isa = PBXGroup;
			children = (
				2803AF871D8AA4320032ACFB /* KSCheckSettingsTableViewCell.xib */,
				2803AF891D8AA5560032ACFB /* KSCheckSettingsTableViewCell.h */,
				2803AF8A1D8AA5560032ACFB /* KSCheckSettingsTableViewCell.m */,
			);
			name = CheckSettingsCell;
			sourceTree = "<group>";
		};
		2803AFA81D8ABA660032ACFB /* Cells */ = {
			isa = PBXGroup;
			children = (
				2805391D1D900F2900868ACF /* MGSwipeTableCell */,
				2803AFA71D8ABA580032ACFB /* CheckSettingsCell */,
				2803AF7E1D8A8EE70032ACFB /* TaskTableViewCell */,
				2803AF7D1D8A8EE20032ACFB /* PriorityCell */,
				2803AF821D8A8F1E0032ACFB /* SettingsCell */,
				3F6B255D1D9BCBA7007A7D70 /* SubTaskTableViewCell */,
			);
			name = Cells;
			sourceTree = "<group>";
		};
		2803AFA91D8ABA8F0032ACFB /* ScaleImage */ = {
			isa = PBXGroup;
			children = (
				28797F6F1D87E24500AEDE0A /* UIImage+ACScaleImage.h */,
				28797F701D87E24500AEDE0A /* UIImage+ACScaleImage.m */,
			);
			name = ScaleImage;
			sourceTree = "<group>";
		};
		2803AFAA1D8ABA980032ACFB /* Categories */ = {
			isa = PBXGroup;
			children = (
				2803AFA91D8ABA8F0032ACFB /* ScaleImage */,
				2822CBF81D95550700779984 /* LocalTime */,
			);
			name = Categories;
			sourceTree = "<group>";
		};
		2803AFAB1D8ABDF60032ACFB /* SideBars */ = {
			isa = PBXGroup;
			children = (
				282C28C71D829C1F0061761E /* AMSideBarViewController */,
				2803AF9C1D8AB9F80032ACFB /* AndroidSideBar */,
			);
			name = SideBars;
			sourceTree = "<group>";
		};
		2805391D1D900F2900868ACF /* MGSwipeTableCell */ = {
			isa = PBXGroup;
			children = (
				2805391F1D900F2900868ACF /* MGSwipeButton.h */,
				280539201D900F2900868ACF /* MGSwipeButton.m */,
				280539211D900F2900868ACF /* MGSwipeTableCell.h */,
				280539221D900F2900868ACF /* MGSwipeTableCell.m */,
			);
			path = MGSwipeTableCell;
			sourceTree = "<group>";
		};
		280539261D90376900868ACF /* Menu */ = {
			isa = PBXGroup;
			children = (
				27494DE21D8D3ECE009BFC5F /* KSMenuViewController.h */,
				27494DE31D8D3ECE009BFC5F /* KSMenuViewController.m */,
			);
			name = Menu;
			sourceTree = "<group>";
		};
		28214C7F1D93D29A0012B1C7 /* ApplicationManager */ = {
			isa = PBXGroup;
			children = (
				28943D0C1D9303EF00BC8A69 /* ApplicationManager.h */,
				28943D0D1D9303EF00BC8A69 /* ApplicationManager.m */,
			);
			name = ApplicationManager;
			sourceTree = "<group>";
		};
		28214C841D93D3180012B1C7 /* TasksApplicationManager */ = {
			isa = PBXGroup;
			children = (
				28214C811D93D30F0012B1C7 /* TasksApplicationManager.h */,
				28214C821D93D30F0012B1C7 /* TasksApplicationManager.m */,
			);
			name = TasksApplicationManager;
			sourceTree = "<group>";
		};
		28214C881D93D3290012B1C7 /* SubTasksApplicationManager */ = {
			isa = PBXGroup;
			children = (
				28214C851D93D3260012B1C7 /* SubTasksApplicationManager.h */,
				28214C861D93D3260012B1C7 /* SubTasksApplicationManager.m */,
			);
			name = SubTasksApplicationManager;
			sourceTree = "<group>";
		};
		28214C8C1D93D3410012B1C7 /* UserApplicationManager */ = {
			isa = PBXGroup;
			children = (
				28214C891D93D33E0012B1C7 /* UserApplicationManager.h */,
				28214C8A1D93D33E0012B1C7 /* UserApplicationManager.m */,
			);
			name = UserApplicationManager;
			sourceTree = "<group>";
		};
		28214C901D93D3540012B1C7 /* SettingsApplicationManager */ = {
			isa = PBXGroup;
			children = (
				28214C8D1D93D3510012B1C7 /* SettingsApplicationManager.h */,
				28214C8E1D93D3510012B1C7 /* SettingsApplicationManager.m */,
			);
			name = SettingsApplicationManager;
			sourceTree = "<group>";
		};
		28214C941D93D3720012B1C7 /* CategoryApplicationManager */ = {
			isa = PBXGroup;
			children = (
				28214C911D93D36E0012B1C7 /* CategoryApplicationManager.h */,
				28214C921D93D36E0012B1C7 /* CategoryApplicationManager.m */,
			);
			name = CategoryApplicationManager;
			sourceTree = "<group>";
		};
		28214C9C1D93E2DF0012B1C7 /* SyncApplicationManager */ = {
			isa = PBXGroup;
			children = (
				28214C991D93E2D60012B1C7 /* SyncApplicationManager.h */,
				28214C9A1D93E2D60012B1C7 /* SyncApplicationManager.m */,
			);
			name = SyncApplicationManager;
			sourceTree = "<group>";
		};
		28214C9D1D93E4F10012B1C7 /* AppDelegate */ = {
			isa = PBXGroup;
			children = (
				28A36BB01D81887B0092FEFD /* AppDelegate.h */,
				28A36BB11D81887B0092FEFD /* AppDelegate.m */,
			);
			name = AppDelegate;
			sourceTree = "<group>";
		};
		2822CBF81D95550700779984 /* LocalTime */ = {
			isa = PBXGroup;
			children = (
				2822CBF51D9554CE00779984 /* NSDate+LocalTime.h */,
				2822CBF61D9554CE00779984 /* NSDate+LocalTime.m */,
			);
			name = LocalTime;
			sourceTree = "<group>";
		};
		282C28C71D829C1F0061761E /* AMSideBarViewController */ = {
			isa = PBXGroup;
			children = (
				282C28C41D829A600061761E /* AMSideBarViewController.h */,
				282C28C51D829A600061761E /* AMSideBarViewController.m */,
			);
			name = AMSideBarViewController;
			sourceTree = "<group>";
		};
		282C28C81D829C320061761E /* ViewControllers */ = {
			isa = PBXGroup;
			children = (
				27C7F1F51DACCCE800AFD1B0 /* LaunchScreen */,
				2803AF951D8AB9A80032ACFB /* BaseViewController */,
				2803AFAB1D8ABDF60032ACFB /* SideBars */,
			);
			name = ViewControllers;
			sourceTree = "<group>";
		};
		282C28CA1D829C610061761E /* KSObject */ = {
			isa = PBXGroup;
			children = (
				27B1A0ED1D818C5B00D47FCD /* KSObject.h */,
				27B1A0EE1D818C5B00D47FCD /* KSObject.m */,
			);
			name = KSObject;
			sourceTree = "<group>";
		};
		282C28CB1D829C9C0061761E /* UI */ = {
			isa = PBXGroup;
			children = (
				28A36BB61D81887B0092FEFD /* Main.storyboard */,
				28A36BBE1D81887B0092FEFD /* LaunchScreen.storyboard */,
			);
			name = UI;
			sourceTree = "<group>";
		};
		282C28CC1D829CAC0061761E /* CoreData */ = {
			isa = PBXGroup;
			children = (
				28A36BB91D81887B0092FEFD /* PlanAndDo.xcdatamodeld */,
			);
			name = CoreData;
			sourceTree = "<group>";
		};
		284F9C3C1D8DCFFF00B0853F /* TasksCoreDataManager */ = {
			isa = PBXGroup;
			children = (
				284F9C391D8DCFF500B0853F /* TasksCoreDataManager.h */,
				284F9C3A1D8DCFF500B0853F /* TasksCoreDataManager.m */,
			);
			name = TasksCoreDataManager;
			sourceTree = "<group>";
		};
		28616D4B1D93F91400BB2CCE /* ACNetworkManager */ = {
			isa = PBXGroup;
			children = (
				28616D481D93F90D00BB2CCE /* ACNetworkManager.h */,
				28616D491D93F90D00BB2CCE /* ACNetworkManager.m */,
			);
			name = ACNetworkManager;
			sourceTree = "<group>";
		};
		2884ABFA1D8D437F00A2F7D9 /* CoreDataManagers */ = {
			isa = PBXGroup;
			children = (
				28AB85701D8F48B600D93AB7 /* CategoryCoreDataManager */,
				28AB856C1D8F48A400D93AB7 /* SettingsCoreDataManager */,
				28AB85681D8F486700D93AB7 /* UserCoreDataManager */,
				28AB85641D8F484A00D93AB7 /* SubTasksCoreDataManager */,
				284F9C3C1D8DCFFF00B0853F /* TasksCoreDataManager */,
				2884ABFB1D8D43B700A2F7D9 /* CoreDataManager.h */,
				2884ABFC1D8D43B700A2F7D9 /* CoreDataManager.m */,
			);
			name = CoreDataManagers;
			sourceTree = "<group>";
		};
		28943CF21D93011B00BC8A69 /* Managers */ = {
			isa = PBXGroup;
			children = (
				28943CF41D93017A00BC8A69 /* ApplicationManagers */,
				28943CF31D93016600BC8A69 /* ApiManagers */,
				2884ABFA1D8D437F00A2F7D9 /* CoreDataManagers */,
			);
			name = Managers;
			sourceTree = "<group>";
		};
		28943CF31D93016600BC8A69 /* ApiManagers */ = {
			isa = PBXGroup;
			children = (
				28943CF51D9302D500BC8A69 /* ApiManager.h */,
				28943CF61D9302D500BC8A69 /* ApiManager.m */,
				28943D0B1D9303D600BC8A69 /* TasksApiManager */,
				28943D0A1D9303CF00BC8A69 /* SubTasksApiManager */,
				28943D091D9303C600BC8A69 /* UserApiManager */,
				28943D081D9303BC00BC8A69 /* SettingsApiManager */,
				28943D071D9303B500BC8A69 /* CategoryApiManager */,
				2801D1911D9E935600A4D1FD /* SyncApiManager */,
			);
			name = ApiManagers;
			sourceTree = "<group>";
		};
		28943CF41D93017A00BC8A69 /* ApplicationManagers */ = {
			isa = PBXGroup;
			children = (
				2801D1951D9E9C1E00A4D1FD /* FileManager */,
				28616D4B1D93F91400BB2CCE /* ACNetworkManager */,
				28214C7F1D93D29A0012B1C7 /* ApplicationManager */,
				28214C841D93D3180012B1C7 /* TasksApplicationManager */,
				28214C881D93D3290012B1C7 /* SubTasksApplicationManager */,
				28214C8C1D93D3410012B1C7 /* UserApplicationManager */,
				28214C901D93D3540012B1C7 /* SettingsApplicationManager */,
				28214C941D93D3720012B1C7 /* CategoryApplicationManager */,
				28214C9C1D93E2DF0012B1C7 /* SyncApplicationManager */,
				2855F2BD1D9D109B007766F0 /* ApplicationDefines.h */,
			);
			name = ApplicationManagers;
			sourceTree = "<group>";
		};
		28943D071D9303B500BC8A69 /* CategoryApiManager */ = {
			isa = PBXGroup;
			children = (
				28943D041D9303A800BC8A69 /* CategoryApiManager.h */,
				28943D051D9303A800BC8A69 /* CategoryApiManager.m */,
			);
			name = CategoryApiManager;
			sourceTree = "<group>";
		};
		28943D081D9303BC00BC8A69 /* SettingsApiManager */ = {
			isa = PBXGroup;
			children = (
				28943D011D93039500BC8A69 /* SettingsApiManager.h */,
				28943D021D93039500BC8A69 /* SettingsApiManager.m */,
			);
			name = SettingsApiManager;
			sourceTree = "<group>";
		};
		28943D091D9303C600BC8A69 /* UserApiManager */ = {
			isa = PBXGroup;
			children = (
				28943CFE1D93038600BC8A69 /* UserApiManager.h */,
				28943CFF1D93038600BC8A69 /* UserApiManager.m */,
			);
			name = UserApiManager;
			sourceTree = "<group>";
		};
		28943D0A1D9303CF00BC8A69 /* SubTasksApiManager */ = {
			isa = PBXGroup;
			children = (
				28943CFB1D93037500BC8A69 /* SubTasksApiManager.h */,
				28943CFC1D93037500BC8A69 /* SubTasksApiManager.m */,
			);
			name = SubTasksApiManager;
			sourceTree = "<group>";
		};
		28943D0B1D9303D600BC8A69 /* TasksApiManager */ = {
			isa = PBXGroup;
			children = (
				28943CF81D93032000BC8A69 /* TasksApiManager.h */,
				28943CF91D93032000BC8A69 /* TasksApiManager.m */,
			);
			name = TasksApiManager;
			sourceTree = "<group>";
		};
		28A36BA11D81887B0092FEFD = {
			isa = PBXGroup;
			children = (
				28A36BAC1D81887B0092FEFD /* PlanAndDo */,
				28A36BC91D81887B0092FEFD /* PlanAndDoTests */,
				28A36BAB1D81887B0092FEFD /* Products */,
			);
			sourceTree = "<group>";
		};
		28A36BAB1D81887B0092FEFD /* Products */ = {
			isa = PBXGroup;
			children = (
				28A36BAA1D81887B0092FEFD /* PlanAndDo.app */,
				28A36BC61D81887B0092FEFD /* PlanAndDoTests.xctest */,
			);
			name = Products;
			sourceTree = "<group>";
		};
		28A36BAC1D81887B0092FEFD /* PlanAndDo */ = {
			isa = PBXGroup;
			children = (
				28A36BBC1D81887B0092FEFD /* Assets.xcassets */,
				28A36BC11D81887B0092FEFD /* Info.plist */,
				27C7F1F41DACCCC700AFD1B0 /* Reachability */,
				28214C9D1D93E4F10012B1C7 /* AppDelegate */,
				282C28CC1D829CAC0061761E /* CoreData */,
				28943CF21D93011B00BC8A69 /* Managers */,
				2803AFAA1D8ABA980032ACFB /* Categories */,
				27B1A0F01D818C9900D47FCD /* Models */,
				282C28C81D829C320061761E /* ViewControllers */,
				282C28CB1D829C9C0061761E /* UI */,
				2803AFA81D8ABA660032ACFB /* Cells */,
				28A36BAD1D81887B0092FEFD /* Supporting Files */,
			);
			path = PlanAndDo;
			sourceTree = "<group>";
		};
		28A36BAD1D81887B0092FEFD /* Supporting Files */ = {
			isa = PBXGroup;
			children = (
				28A36BAE1D81887B0092FEFD /* main.m */,
			);
			name = "Supporting Files";
			sourceTree = "<group>";
		};
		28A36BC91D81887B0092FEFD /* PlanAndDoTests */ = {
			isa = PBXGroup;
			children = (
				28A36BCA1D81887B0092FEFD /* PlanAndDoTests.m */,
				28A36BCC1D81887B0092FEFD /* Info.plist */,
			);
			path = PlanAndDoTests;
			sourceTree = "<group>";
		};
		28AB85641D8F484A00D93AB7 /* SubTasksCoreDataManager */ = {
			isa = PBXGroup;
			children = (
				28AB85611D8F483D00D93AB7 /* SubTasksCoreDataManager.h */,
				28AB85621D8F483D00D93AB7 /* SubTasksCoreDataManager.m */,
			);
			name = SubTasksCoreDataManager;
			sourceTree = "<group>";
		};
		28AB85681D8F486700D93AB7 /* UserCoreDataManager */ = {
			isa = PBXGroup;
			children = (
				28AB85651D8F486100D93AB7 /* UserCoreDataManager.h */,
				28AB85661D8F486100D93AB7 /* UserCoreDataManager.m */,
			);
			name = UserCoreDataManager;
			sourceTree = "<group>";
		};
		28AB856C1D8F48A400D93AB7 /* SettingsCoreDataManager */ = {
			isa = PBXGroup;
			children = (
				28AB85691D8F48A100D93AB7 /* SettingsCoreDataManager.h */,
				28AB856A1D8F48A100D93AB7 /* SettingsCoreDataManager.m */,
			);
			name = SettingsCoreDataManager;
			sourceTree = "<group>";
		};
		28AB85701D8F48B600D93AB7 /* CategoryCoreDataManager */ = {
			isa = PBXGroup;
			children = (
				28AB856D1D8F48B300D93AB7 /* CategoryCoreDataManager.h */,
				28AB856E1D8F48B300D93AB7 /* CategoryCoreDataManager.m */,
			);
			name = CategoryCoreDataManager;
			sourceTree = "<group>";
		};
		28AF3EF41D9D1D1C000467EC /* ApplicationColor */ = {
			isa = PBXGroup;
			children = (
				270DF9E21D83F0B0004D3681 /* KSApplicationColor.h */,
				270DF9E31D83F0B0004D3681 /* KSApplicationColor.m */,
			);
			name = ApplicationColor;
			sourceTree = "<group>";
		};
		28B9478A1D918D7F005A8E9A /* EditTask */ = {
			isa = PBXGroup;
			children = (
				28B947871D918D72005A8E9A /* EditTaskViewController.h */,
				28B947881D918D72005A8E9A /* EditTaskViewController.m */,
			);
			name = EditTask;
			sourceTree = "<group>";
		};
		28EF10131D915892005867C4 /* DateAndTime */ = {
			isa = PBXGroup;
			children = (
				272F91C71D8B080700A0330B /* DateAndTimeViewController.h */,
				272F91C81D8B080700A0330B /* DateAndTimeViewController.m */,
			);
			name = DateAndTime;
			sourceTree = "<group>";
		};
		3F6B255D1D9BCBA7007A7D70 /* SubTaskTableViewCell */ = {
			isa = PBXGroup;
			children = (
				3F6B255A1D9BCBA3007A7D70 /* SubTaskTableViewCell.h */,
				3F6B255B1D9BCBA3007A7D70 /* SubTaskTableViewCell.m */,
			);
			name = SubTaskTableViewCell;
			sourceTree = "<group>";
		};
		3FCD89411D994D1D00A00377 /* Profile */ = {
			isa = PBXGroup;
			children = (
				3F0E98271D95868600AAC625 /* ProfileViewController.h */,
				3F0E98281D95868600AAC625 /* ProfileViewController.m */,
			);
			name = Profile;
			sourceTree = "<group>";
		};
/* End PBXGroup section */

/* Begin PBXNativeTarget section */
		28A36BA91D81887B0092FEFD /* PlanAndDo */ = {
			isa = PBXNativeTarget;
			buildConfigurationList = 28A36BCF1D81887B0092FEFD /* Build configuration list for PBXNativeTarget "PlanAndDo" */;
			buildPhases = (
				28A36BA61D81887B0092FEFD /* Sources */,
				28A36BA71D81887B0092FEFD /* Frameworks */,
				28A36BA81D81887B0092FEFD /* Resources */,
			);
			buildRules = (
			);
			dependencies = (
			);
			name = PlanAndDo;
			productName = PlanAndDo;
			productReference = 28A36BAA1D81887B0092FEFD /* PlanAndDo.app */;
			productType = "com.apple.product-type.application";
		};
		28A36BC51D81887B0092FEFD /* PlanAndDoTests */ = {
			isa = PBXNativeTarget;
			buildConfigurationList = 28A36BD21D81887B0092FEFD /* Build configuration list for PBXNativeTarget "PlanAndDoTests" */;
			buildPhases = (
				28A36BC21D81887B0092FEFD /* Sources */,
				28A36BC31D81887B0092FEFD /* Frameworks */,
				28A36BC41D81887B0092FEFD /* Resources */,
			);
			buildRules = (
			);
			dependencies = (
				28A36BC81D81887B0092FEFD /* PBXTargetDependency */,
			);
			name = PlanAndDoTests;
			productName = PlanAndDoTests;
			productReference = 28A36BC61D81887B0092FEFD /* PlanAndDoTests.xctest */;
			productType = "com.apple.product-type.bundle.unit-test";
		};
/* End PBXNativeTarget section */

/* Begin PBXProject section */
		28A36BA21D81887B0092FEFD /* Project object */ = {
			isa = PBXProject;
			attributes = {
				LastUpgradeCheck = 0800;
				ORGANIZATIONNAME = TodoTeamGroup;
				TargetAttributes = {
					28A36BA91D81887B0092FEFD = {
						CreatedOnToolsVersion = 7.3.1;
						DevelopmentTeam = H6UA3BVSV5;
						ProvisioningStyle = Manual;
					};
					28A36BC51D81887B0092FEFD = {
						CreatedOnToolsVersion = 7.3.1;
						DevelopmentTeam = 6JFVNK494S;
						TestTargetID = 28A36BA91D81887B0092FEFD;
					};
				};
			};
			buildConfigurationList = 28A36BA51D81887B0092FEFD /* Build configuration list for PBXProject "PlanAndDo" */;
			compatibilityVersion = "Xcode 3.2";
			developmentRegion = English;
			hasScannedForEncodings = 0;
			knownRegions = (
				en,
				Base,
			);
			mainGroup = 28A36BA11D81887B0092FEFD;
			productRefGroup = 28A36BAB1D81887B0092FEFD /* Products */;
			projectDirPath = "";
			projectRoot = "";
			targets = (
				28A36BA91D81887B0092FEFD /* PlanAndDo */,
				28A36BC51D81887B0092FEFD /* PlanAndDoTests */,
			);
		};
/* End PBXProject section */

/* Begin PBXResourcesBuildPhase section */
		28A36BA81D81887B0092FEFD /* Resources */ = {
			isa = PBXResourcesBuildPhase;
			buildActionMask = 2147483647;
			files = (
				2786E7B21D883F4D009BDB2A /* KSTaskCell.xib in Resources */,
				28A36BC01D81887B0092FEFD /* LaunchScreen.storyboard in Resources */,
				2803AF881D8AA4320032ACFB /* KSCheckSettingsTableViewCell.xib in Resources */,
				2803AF7C1D8A8EBF0032ACFB /* KSSettingsCell.xib in Resources */,
				28A36BBD1D81887B0092FEFD /* Assets.xcassets in Resources */,
				278BAA4F1D8977E4002D38CF /* PriorityCell.xib in Resources */,
				28A36BB81D81887B0092FEFD /* Main.storyboard in Resources */,
			);
			runOnlyForDeploymentPostprocessing = 0;
		};
		28A36BC41D81887B0092FEFD /* Resources */ = {
			isa = PBXResourcesBuildPhase;
			buildActionMask = 2147483647;
			files = (
			);
			runOnlyForDeploymentPostprocessing = 0;
		};
/* End PBXResourcesBuildPhase section */

/* Begin PBXSourcesBuildPhase section */
		28A36BA61D81887B0092FEFD /* Sources */ = {
			isa = PBXSourcesBuildPhase;
			buildActionMask = 2147483647;
			files = (
				2884ABFD1D8D43B700A2F7D9 /* CoreDataManager.m in Sources */,
				270DF9E41D83F0B0004D3681 /* KSApplicationColor.m in Sources */,
				27B1A0F71D81933000D47FCD /* KSAuthorisedUser.m in Sources */,
				27B1A1031D81A3CB00D47FCD /* KSTask.m in Sources */,
				28943D0E1D9303EF00BC8A69 /* ApplicationManager.m in Sources */,
				3FB4A4E81DA565EE00DD9FCA /* LaunchScreenViewController.m in Sources */,
				278BAA551D89BA4A002D38CF /* BaseAuthViewController.m in Sources */,
				27B1A0FA1D8195A800D47FCD /* UserSettings.m in Sources */,
				3F6B255C1D9BCBA3007A7D70 /* SubTaskTableViewCell.m in Sources */,
				280539251D900F2900868ACF /* MGSwipeTableCell.m in Sources */,
				28214C931D93D36E0012B1C7 /* CategoryApplicationManager.m in Sources */,
				3F0E98291D95868600AAC625 /* ProfileViewController.m in Sources */,
				272F91C31D8A6C0C00A0330B /* DescriptionViewController.m in Sources */,
				28943D031D93039500BC8A69 /* SettingsApiManager.m in Sources */,
				27B1A0F31D818D0600D47FCD /* KSUserInfo.m in Sources */,
				28797F711D87E24500AEDE0A /* UIImage+ACScaleImage.m in Sources */,
				2801D1901D9E927B00A4D1FD /* SyncApiManager.m in Sources */,
				2786E7B01D883692009BDB2A /* TabletasksViewController.m in Sources */,
				27494DE41D8D3ECE009BFC5F /* KSMenuViewController.m in Sources */,
				27B1A0EF1D818C5B00D47FCD /* KSObject.m in Sources */,
				28943CFA1D93032000BC8A69 /* TasksApiManager.m in Sources */,
				2803AF811D8A8F190032ACFB /* KSSettingsCell.m in Sources */,
				278BAA581D89BB32002D38CF /* BaseTableViewController.m in Sources */,
				28AB85671D8F486100D93AB7 /* UserCoreDataManager.m in Sources */,
				287884071D8E07E600C17A4F /* KSCategory.m in Sources */,
				28797F741D88202C00AEDE0A /* CreateAccountViewController.m in Sources */,
				28214C8F1D93D3510012B1C7 /* SettingsApplicationManager.m in Sources */,
				272F91C61D8A704500A0330B /* TaskListViewController.m in Sources */,
				27B1A0FD1D81A12A00D47FCD /* KSShortTask.m in Sources */,
				2803AF861D8AA0AC0032ACFB /* FormatDateViewController.m in Sources */,
				272F91C01D8A678800A0330B /* SelectCategoryViewController.m in Sources */,
				28214C831D93D30F0012B1C7 /* TasksApplicationManager.m in Sources */,
				286E26201D883FF00055A7BF /* SettingsViewController.m in Sources */,
				28A36BB21D81887B0092FEFD /* AppDelegate.m in Sources */,
				28214C871D93D3260012B1C7 /* SubTasksApplicationManager.m in Sources */,
				270DF9E71D83F56E004D3681 /* BaseViewController.m in Sources */,
				2803AF8B1D8AA5560032ACFB /* KSCheckSettingsTableViewCell.m in Sources */,
				27B1A1001D81A20400D47FCD /* BaseTask.m in Sources */,
				278BAA4D1D896E30002D38CF /* AddTaskViewController.m in Sources */,
				28943CF71D9302D500BC8A69 /* ApiManager.m in Sources */,
				274AA9421DA7C62100CB6B21 /* Reachability.m in Sources */,
				28616D4A1D93F90D00BB2CCE /* ACNetworkManager.m in Sources */,
				28AB856B1D8F48A100D93AB7 /* SettingsCoreDataManager.m in Sources */,
				280539241D900F2900868ACF /* MGSwipeButton.m in Sources */,
				28A36BAF1D81887B0092FEFD /* main.m in Sources */,
				2801D1941D9E97DA00A4D1FD /* FileManager.m in Sources */,
				28943D061D9303A800BC8A69 /* CategoryApiManager.m in Sources */,
				270DF9E11D83E217004D3681 /* AMAndroidSideBarViewController.m in Sources */,
				28943CFD1D93037500BC8A69 /* SubTasksApiManager.m in Sources */,
				28943D001D93038600BC8A69 /* UserApiManager.m in Sources */,
				2803AF911D8AAA710032ACFB /* StartDayViewController.m in Sources */,
				2803AF8E1D8AA8ED0032ACFB /* FormatTimeViewController.m in Sources */,
				28214C8B1D93D33E0012B1C7 /* UserApplicationManager.m in Sources */,
				2786E7AD1D881507009BDB2A /* LoginViewController.m in Sources */,
				2822CBF71D9554CE00779984 /* NSDate+LocalTime.m in Sources */,
				2803AF941D8AAB1D0032ACFB /* StartPageViewController.m in Sources */,
				28AB85631D8F483D00D93AB7 /* SubTasksCoreDataManager.m in Sources */,
				278BAA521D897A36002D38CF /* PriorityCell.m in Sources */,
				28B947891D918D72005A8E9A /* EditTaskViewController.m in Sources */,
				2786E7B51D884421009BDB2A /* TaskTableViewCell.m in Sources */,
				27B1A1061D81A61300D47FCD /* KSTaskCollection.m in Sources */,
				282C28C61D829A600061761E /* AMSideBarViewController.m in Sources */,
				28214C9B1D93E2D60012B1C7 /* SyncApplicationManager.m in Sources */,
				28797F771D88309200AEDE0A /* NewPasswordViewController.m in Sources */,
				28AB856F1D8F48B300D93AB7 /* CategoryCoreDataManager.m in Sources */,
				28A36BBB1D81887B0092FEFD /* PlanAndDo.xcdatamodeld in Sources */,
				284F9C3B1D8DCFF500B0853F /* TasksCoreDataManager.m in Sources */,
				28797F7A1D88370600AEDE0A /* ChangeEmailViewController.m in Sources */,
				272F91C91D8B080700A0330B /* DateAndTimeViewController.m in Sources */,
			);
			runOnlyForDeploymentPostprocessing = 0;
		};
		28A36BC21D81887B0092FEFD /* Sources */ = {
			isa = PBXSourcesBuildPhase;
			buildActionMask = 2147483647;
			files = (
				28A36BCB1D81887B0092FEFD /* PlanAndDoTests.m in Sources */,
			);
			runOnlyForDeploymentPostprocessing = 0;
		};
/* End PBXSourcesBuildPhase section */

/* Begin PBXTargetDependency section */
		28A36BC81D81887B0092FEFD /* PBXTargetDependency */ = {
			isa = PBXTargetDependency;
			target = 28A36BA91D81887B0092FEFD /* PlanAndDo */;
			targetProxy = 28A36BC71D81887B0092FEFD /* PBXContainerItemProxy */;
		};
/* End PBXTargetDependency section */

/* Begin PBXVariantGroup section */
		28A36BB61D81887B0092FEFD /* Main.storyboard */ = {
			isa = PBXVariantGroup;
			children = (
				28A36BB71D81887B0092FEFD /* Base */,
			);
			name = Main.storyboard;
			sourceTree = "<group>";
		};
		28A36BBE1D81887B0092FEFD /* LaunchScreen.storyboard */ = {
			isa = PBXVariantGroup;
			children = (
				28A36BBF1D81887B0092FEFD /* Base */,
			);
			name = LaunchScreen.storyboard;
			sourceTree = "<group>";
		};
/* End PBXVariantGroup section */

/* Begin XCBuildConfiguration section */
		28A36BCD1D81887B0092FEFD /* Debug */ = {
			isa = XCBuildConfiguration;
			buildSettings = {
				ALWAYS_SEARCH_USER_PATHS = NO;
				CLANG_ANALYZER_NONNULL = YES;
				CLANG_CXX_LANGUAGE_STANDARD = "gnu++0x";
				CLANG_CXX_LIBRARY = "libc++";
				CLANG_ENABLE_MODULES = YES;
				CLANG_ENABLE_OBJC_ARC = YES;
				CLANG_WARN_BOOL_CONVERSION = YES;
				CLANG_WARN_CONSTANT_CONVERSION = YES;
				CLANG_WARN_DIRECT_OBJC_ISA_USAGE = YES_ERROR;
				CLANG_WARN_EMPTY_BODY = YES;
				CLANG_WARN_ENUM_CONVERSION = YES;
				CLANG_WARN_INFINITE_RECURSION = YES;
				CLANG_WARN_INT_CONVERSION = YES;
				CLANG_WARN_OBJC_ROOT_CLASS = YES_ERROR;
				CLANG_WARN_SUSPICIOUS_MOVE = YES;
				CLANG_WARN_UNREACHABLE_CODE = YES;
				CLANG_WARN__DUPLICATE_METHOD_MATCH = YES;
				"CODE_SIGN_IDENTITY[sdk=iphoneos*]" = "iPhone Developer";
				COPY_PHASE_STRIP = NO;
				DEBUG_INFORMATION_FORMAT = dwarf;
				ENABLE_STRICT_OBJC_MSGSEND = YES;
				ENABLE_TESTABILITY = YES;
				GCC_C_LANGUAGE_STANDARD = gnu99;
				GCC_DYNAMIC_NO_PIC = NO;
				GCC_NO_COMMON_BLOCKS = YES;
				GCC_OPTIMIZATION_LEVEL = 0;
				GCC_PREPROCESSOR_DEFINITIONS = (
					"DEBUG=1",
					"$(inherited)",
				);
				GCC_WARN_64_TO_32_BIT_CONVERSION = YES;
				GCC_WARN_ABOUT_RETURN_TYPE = YES_ERROR;
				GCC_WARN_UNDECLARED_SELECTOR = YES;
				GCC_WARN_UNINITIALIZED_AUTOS = YES_AGGRESSIVE;
				GCC_WARN_UNUSED_FUNCTION = YES;
				GCC_WARN_UNUSED_VARIABLE = YES;
				IPHONEOS_DEPLOYMENT_TARGET = 9.0;
				MTL_ENABLE_DEBUG_INFO = YES;
				ONLY_ACTIVE_ARCH = YES;
				SDKROOT = iphoneos;
				TARGETED_DEVICE_FAMILY = "1,2";
			};
			name = Debug;
		};
		28A36BCE1D81887B0092FEFD /* Release */ = {
			isa = XCBuildConfiguration;
			buildSettings = {
				ALWAYS_SEARCH_USER_PATHS = NO;
				CLANG_ANALYZER_NONNULL = YES;
				CLANG_CXX_LANGUAGE_STANDARD = "gnu++0x";
				CLANG_CXX_LIBRARY = "libc++";
				CLANG_ENABLE_MODULES = YES;
				CLANG_ENABLE_OBJC_ARC = YES;
				CLANG_WARN_BOOL_CONVERSION = YES;
				CLANG_WARN_CONSTANT_CONVERSION = YES;
				CLANG_WARN_DIRECT_OBJC_ISA_USAGE = YES_ERROR;
				CLANG_WARN_EMPTY_BODY = YES;
				CLANG_WARN_ENUM_CONVERSION = YES;
				CLANG_WARN_INFINITE_RECURSION = YES;
				CLANG_WARN_INT_CONVERSION = YES;
				CLANG_WARN_OBJC_ROOT_CLASS = YES_ERROR;
				CLANG_WARN_SUSPICIOUS_MOVE = YES;
				CLANG_WARN_UNREACHABLE_CODE = YES;
				CLANG_WARN__DUPLICATE_METHOD_MATCH = YES;
				"CODE_SIGN_IDENTITY[sdk=iphoneos*]" = "iPhone Developer";
				COPY_PHASE_STRIP = NO;
				DEBUG_INFORMATION_FORMAT = "dwarf-with-dsym";
				ENABLE_NS_ASSERTIONS = NO;
				ENABLE_STRICT_OBJC_MSGSEND = YES;
				GCC_C_LANGUAGE_STANDARD = gnu99;
				GCC_NO_COMMON_BLOCKS = YES;
				GCC_WARN_64_TO_32_BIT_CONVERSION = YES;
				GCC_WARN_ABOUT_RETURN_TYPE = YES_ERROR;
				GCC_WARN_UNDECLARED_SELECTOR = YES;
				GCC_WARN_UNINITIALIZED_AUTOS = YES_AGGRESSIVE;
				GCC_WARN_UNUSED_FUNCTION = YES;
				GCC_WARN_UNUSED_VARIABLE = YES;
				IPHONEOS_DEPLOYMENT_TARGET = 9.0;
				MTL_ENABLE_DEBUG_INFO = NO;
				SDKROOT = iphoneos;
				TARGETED_DEVICE_FAMILY = "1,2";
				VALIDATE_PRODUCT = YES;
			};
			name = Release;
		};
		28A36BD01D81887B0092FEFD /* Debug */ = {
			isa = XCBuildConfiguration;
			buildSettings = {
				ASSETCATALOG_COMPILER_APPICON_NAME = AppIcon;
				CODE_SIGN_IDENTITY = "iPhone Developer";
				"CODE_SIGN_IDENTITY[sdk=iphoneos*]" = "iPhone Developer";
				DEVELOPMENT_TEAM = H6UA3BVSV5;
				INFOPLIST_FILE = PlanAndDo/Info.plist;
				LD_RUNPATH_SEARCH_PATHS = "$(inherited) @executable_path/Frameworks";
				PRODUCT_BUNDLE_IDENTIFIER = com.keepsolid.labs.plananddo;
				PRODUCT_NAME = "$(TARGET_NAME)";
				PROVISIONING_PROFILE = "d07a08b3-e7c9-4fd9-9dd6-2353bd200bd3";
				PROVISIONING_PROFILE_SPECIFIER = PlanAndDoDev;
			};
			name = Debug;
		};
		28A36BD11D81887B0092FEFD /* Release */ = {
			isa = XCBuildConfiguration;
			buildSettings = {
				ASSETCATALOG_COMPILER_APPICON_NAME = AppIcon;
				CODE_SIGN_IDENTITY = "iPhone Distribution";
				"CODE_SIGN_IDENTITY[sdk=iphoneos*]" = "iPhone Distribution";
				DEVELOPMENT_TEAM = H6UA3BVSV5;
				INFOPLIST_FILE = PlanAndDo/Info.plist;
				LD_RUNPATH_SEARCH_PATHS = "$(inherited) @executable_path/Frameworks";
				PRODUCT_BUNDLE_IDENTIFIER = com.keepsolid.labs.plananddo;
				PRODUCT_NAME = "$(TARGET_NAME)";
				PROVISIONING_PROFILE = "245329b4-bcd2-44c1-b947-78f6b249d02f";
				PROVISIONING_PROFILE_SPECIFIER = PlanAndDoAdHoc;
			};
			name = Release;
		};
		28A36BD31D81887B0092FEFD /* Debug */ = {
			isa = XCBuildConfiguration;
			buildSettings = {
				BUNDLE_LOADER = "$(TEST_HOST)";
				INFOPLIST_FILE = PlanAndDoTests/Info.plist;
				LD_RUNPATH_SEARCH_PATHS = "$(inherited) @executable_path/Frameworks @loader_path/Frameworks";
				PRODUCT_BUNDLE_IDENTIFIER = localhost.PlanAndDoTests;
				PRODUCT_NAME = "$(TARGET_NAME)";
				TEST_HOST = "$(BUILT_PRODUCTS_DIR)/PlanAndDo.app/PlanAndDo";
			};
			name = Debug;
		};
		28A36BD41D81887B0092FEFD /* Release */ = {
			isa = XCBuildConfiguration;
			buildSettings = {
				BUNDLE_LOADER = "$(TEST_HOST)";
				INFOPLIST_FILE = PlanAndDoTests/Info.plist;
				LD_RUNPATH_SEARCH_PATHS = "$(inherited) @executable_path/Frameworks @loader_path/Frameworks";
				PRODUCT_BUNDLE_IDENTIFIER = localhost.PlanAndDoTests;
				PRODUCT_NAME = "$(TARGET_NAME)";
				TEST_HOST = "$(BUILT_PRODUCTS_DIR)/PlanAndDo.app/PlanAndDo";
			};
			name = Release;
		};
/* End XCBuildConfiguration section */

/* Begin XCConfigurationList section */
		28A36BA51D81887B0092FEFD /* Build configuration list for PBXProject "PlanAndDo" */ = {
			isa = XCConfigurationList;
			buildConfigurations = (
				28A36BCD1D81887B0092FEFD /* Debug */,
				28A36BCE1D81887B0092FEFD /* Release */,
			);
			defaultConfigurationIsVisible = 0;
			defaultConfigurationName = Release;
		};
		28A36BCF1D81887B0092FEFD /* Build configuration list for PBXNativeTarget "PlanAndDo" */ = {
			isa = XCConfigurationList;
			buildConfigurations = (
				28A36BD01D81887B0092FEFD /* Debug */,
				28A36BD11D81887B0092FEFD /* Release */,
			);
			defaultConfigurationIsVisible = 0;
			defaultConfigurationName = Release;
		};
		28A36BD21D81887B0092FEFD /* Build configuration list for PBXNativeTarget "PlanAndDoTests" */ = {
			isa = XCConfigurationList;
			buildConfigurations = (
				28A36BD31D81887B0092FEFD /* Debug */,
				28A36BD41D81887B0092FEFD /* Release */,
			);
			defaultConfigurationIsVisible = 0;
			defaultConfigurationName = Release;
		};
/* End XCConfigurationList section */

/* Begin XCVersionGroup section */
		28A36BB91D81887B0092FEFD /* PlanAndDo.xcdatamodeld */ = {
			isa = XCVersionGroup;
			children = (
				28A36BBA1D81887B0092FEFD /* PlanAndDo.xcdatamodel */,
			);
			currentVersion = 28A36BBA1D81887B0092FEFD /* PlanAndDo.xcdatamodel */;
			path = PlanAndDo.xcdatamodeld;
			sourceTree = "<group>";
			versionGroupType = wrapper.xcdatamodel;
		};
/* End XCVersionGroup section */
	};
	rootObject = 28A36BA21D81887B0092FEFD /* Project object */;
}
