// !$*UTF8*$!
{
	archiveVersion = 1;
	classes = {
	};
	objectVersion = 46;
	objects = {

/* Begin PBXBuildFile section */
		270DF9E11D83E217004D3681 /* AMAndroidSideBarViewController.m in Sources */ = {isa = PBXBuildFile; fileRef = 270DF9E01D83E217004D3681 /* AMAndroidSideBarViewController.m */; };
		270DF9E41D83F0B0004D3681 /* KSApplicatipnColor.m in Sources */ = {isa = PBXBuildFile; fileRef = 270DF9E31D83F0B0004D3681 /* KSApplicatipnColor.m */; };
		270DF9E71D83F56E004D3681 /* BaseViewController.m in Sources */ = {isa = PBXBuildFile; fileRef = 270DF9E61D83F56E004D3681 /* BaseViewController.m */; };
		272F91C01D8A678800A0330B /* SelectCategoryViewController.m in Sources */ = {isa = PBXBuildFile; fileRef = 272F91BF1D8A678800A0330B /* SelectCategoryViewController.m */; };
		272F91C31D8A6C0C00A0330B /* DescriptionViewController.m in Sources */ = {isa = PBXBuildFile; fileRef = 272F91C21D8A6C0C00A0330B /* DescriptionViewController.m */; };
		272F91C61D8A704500A0330B /* TaskListViewController.m in Sources */ = {isa = PBXBuildFile; fileRef = 272F91C51D8A704500A0330B /* TaskListViewController.m */; };
		2786E7AD1D881507009BDB2A /* LoginViewController.m in Sources */ = {isa = PBXBuildFile; fileRef = 2786E7AC1D881507009BDB2A /* LoginViewController.m */; };
		2786E7B01D883692009BDB2A /* TabletasksViewController.m in Sources */ = {isa = PBXBuildFile; fileRef = 2786E7AF1D883692009BDB2A /* TabletasksViewController.m */; };
		2786E7B21D883F4D009BDB2A /* KSTaskCell.xib in Resources */ = {isa = PBXBuildFile; fileRef = 2786E7B11D883F4D009BDB2A /* KSTaskCell.xib */; };
		2786E7B51D884421009BDB2A /* TaskTableViewCell.m in Sources */ = {isa = PBXBuildFile; fileRef = 2786E7B41D884421009BDB2A /* TaskTableViewCell.m */; };
		278BAA4D1D896E30002D38CF /* AddTaskViewController.m in Sources */ = {isa = PBXBuildFile; fileRef = 278BAA4C1D896E30002D38CF /* AddTaskViewController.m */; };
		278BAA4F1D8977E4002D38CF /* PriorityCell.xib in Resources */ = {isa = PBXBuildFile; fileRef = 278BAA4E1D8977E4002D38CF /* PriorityCell.xib */; };
		278BAA521D897A36002D38CF /* PriorityCell.m in Sources */ = {isa = PBXBuildFile; fileRef = 278BAA511D897A36002D38CF /* PriorityCell.m */; };
		278BAA551D89BA4A002D38CF /* BaseAuthViewController.m in Sources */ = {isa = PBXBuildFile; fileRef = 278BAA541D89BA4A002D38CF /* BaseAuthViewController.m */; };
		278BAA581D89BB32002D38CF /* BaseTableViewController.m in Sources */ = {isa = PBXBuildFile; fileRef = 278BAA571D89BB32002D38CF /* BaseTableViewController.m */; };
		27B1A0EF1D818C5B00D47FCD /* KSObject.m in Sources */ = {isa = PBXBuildFile; fileRef = 27B1A0EE1D818C5B00D47FCD /* KSObject.m */; };
		27B1A0F31D818D0600D47FCD /* KSUserInfo.m in Sources */ = {isa = PBXBuildFile; fileRef = 27B1A0F21D818D0600D47FCD /* KSUserInfo.m */; };
		27B1A0F71D81933000D47FCD /* KSAuthorisedUser.m in Sources */ = {isa = PBXBuildFile; fileRef = 27B1A0F61D81933000D47FCD /* KSAuthorisedUser.m */; };
		27B1A0FA1D8195A800D47FCD /* UserSettings.m in Sources */ = {isa = PBXBuildFile; fileRef = 27B1A0F91D8195A800D47FCD /* UserSettings.m */; };
		27B1A0FD1D81A12A00D47FCD /* KSShortTask.m in Sources */ = {isa = PBXBuildFile; fileRef = 27B1A0FC1D81A12A00D47FCD /* KSShortTask.m */; };
		27B1A1001D81A20400D47FCD /* BaseTask.m in Sources */ = {isa = PBXBuildFile; fileRef = 27B1A0FF1D81A20400D47FCD /* BaseTask.m */; };
		27B1A1031D81A3CB00D47FCD /* KSTask.m in Sources */ = {isa = PBXBuildFile; fileRef = 27B1A1021D81A3CB00D47FCD /* KSTask.m */; };
		27B1A1061D81A61300D47FCD /* KSTaskCollection.m in Sources */ = {isa = PBXBuildFile; fileRef = 27B1A1051D81A61300D47FCD /* KSTaskCollection.m */; };
		2803AF7C1D8A8EBF0032ACFB /* KSSettingsCell.xib in Resources */ = {isa = PBXBuildFile; fileRef = 2803AF7B1D8A8EBF0032ACFB /* KSSettingsCell.xib */; };
		2803AF811D8A8F190032ACFB /* KSSettingsCell.m in Sources */ = {isa = PBXBuildFile; fileRef = 2803AF801D8A8F190032ACFB /* KSSettingsCell.m */; };
		282C28C61D829A600061761E /* AMSideBarViewController.m in Sources */ = {isa = PBXBuildFile; fileRef = 282C28C51D829A600061761E /* AMSideBarViewController.m */; };
		286E26201D883FF00055A7BF /* SettingsViewController.m in Sources */ = {isa = PBXBuildFile; fileRef = 286E261F1D883FF00055A7BF /* SettingsViewController.m */; };
		28797F711D87E24500AEDE0A /* UIImage+ACScaleImage.m in Sources */ = {isa = PBXBuildFile; fileRef = 28797F701D87E24500AEDE0A /* UIImage+ACScaleImage.m */; };
		28797F741D88202C00AEDE0A /* CreateAccountViewController.m in Sources */ = {isa = PBXBuildFile; fileRef = 28797F731D88202C00AEDE0A /* CreateAccountViewController.m */; };
		28797F771D88309200AEDE0A /* NewPasswordViewController.m in Sources */ = {isa = PBXBuildFile; fileRef = 28797F761D88309200AEDE0A /* NewPasswordViewController.m */; };
		28797F7A1D88370600AEDE0A /* ChangeEmailViewController.m in Sources */ = {isa = PBXBuildFile; fileRef = 28797F791D88370600AEDE0A /* ChangeEmailViewController.m */; };
		28A36BAF1D81887B0092FEFD /* main.m in Sources */ = {isa = PBXBuildFile; fileRef = 28A36BAE1D81887B0092FEFD /* main.m */; };
		28A36BB21D81887B0092FEFD /* AppDelegate.m in Sources */ = {isa = PBXBuildFile; fileRef = 28A36BB11D81887B0092FEFD /* AppDelegate.m */; };
		28A36BB51D81887B0092FEFD /* ViewController.m in Sources */ = {isa = PBXBuildFile; fileRef = 28A36BB41D81887B0092FEFD /* ViewController.m */; };
		28A36BB81D81887B0092FEFD /* Main.storyboard in Resources */ = {isa = PBXBuildFile; fileRef = 28A36BB61D81887B0092FEFD /* Main.storyboard */; };
		28A36BBB1D81887B0092FEFD /* PlanAndDo.xcdatamodeld in Sources */ = {isa = PBXBuildFile; fileRef = 28A36BB91D81887B0092FEFD /* PlanAndDo.xcdatamodeld */; };
		28A36BBD1D81887B0092FEFD /* Assets.xcassets in Resources */ = {isa = PBXBuildFile; fileRef = 28A36BBC1D81887B0092FEFD /* Assets.xcassets */; };
		28A36BC01D81887B0092FEFD /* LaunchScreen.storyboard in Resources */ = {isa = PBXBuildFile; fileRef = 28A36BBE1D81887B0092FEFD /* LaunchScreen.storyboard */; };
		28A36BCB1D81887B0092FEFD /* PlanAndDoTests.m in Sources */ = {isa = PBXBuildFile; fileRef = 28A36BCA1D81887B0092FEFD /* PlanAndDoTests.m */; };
/* End PBXBuildFile section */

/* Begin PBXContainerItemProxy section */
		28A36BC71D81887B0092FEFD /* PBXContainerItemProxy */ = {
			isa = PBXContainerItemProxy;
			containerPortal = 28A36BA21D81887B0092FEFD /* Project object */;
			proxyType = 1;
			remoteGlobalIDString = 28A36BA91D81887B0092FEFD;
			remoteInfo = PlanAndDo;
		};
/* End PBXContainerItemProxy section */

/* Begin PBXFileReference section */
		270DF9DF1D83E217004D3681 /* AMAndroidSideBarViewController.h */ = {isa = PBXFileReference; fileEncoding = 4; lastKnownFileType = sourcecode.c.h; path = AMAndroidSideBarViewController.h; sourceTree = "<group>"; };
		270DF9E01D83E217004D3681 /* AMAndroidSideBarViewController.m */ = {isa = PBXFileReference; fileEncoding = 4; lastKnownFileType = sourcecode.c.objc; path = AMAndroidSideBarViewController.m; sourceTree = "<group>"; };
		270DF9E21D83F0B0004D3681 /* KSApplicatipnColor.h */ = {isa = PBXFileReference; fileEncoding = 4; lastKnownFileType = sourcecode.c.h; path = KSApplicatipnColor.h; sourceTree = "<group>"; };
		270DF9E31D83F0B0004D3681 /* KSApplicatipnColor.m */ = {isa = PBXFileReference; fileEncoding = 4; lastKnownFileType = sourcecode.c.objc; path = KSApplicatipnColor.m; sourceTree = "<group>"; };
		270DF9E51D83F56E004D3681 /* BaseViewController.h */ = {isa = PBXFileReference; fileEncoding = 4; lastKnownFileType = sourcecode.c.h; path = BaseViewController.h; sourceTree = "<group>"; };
		270DF9E61D83F56E004D3681 /* BaseViewController.m */ = {isa = PBXFileReference; fileEncoding = 4; lastKnownFileType = sourcecode.c.objc; path = BaseViewController.m; sourceTree = "<group>"; };
		272F91BE1D8A678800A0330B /* SelectCategoryViewController.h */ = {isa = PBXFileReference; fileEncoding = 4; lastKnownFileType = sourcecode.c.h; path = SelectCategoryViewController.h; sourceTree = "<group>"; };
		272F91BF1D8A678800A0330B /* SelectCategoryViewController.m */ = {isa = PBXFileReference; fileEncoding = 4; lastKnownFileType = sourcecode.c.objc; path = SelectCategoryViewController.m; sourceTree = "<group>"; };
		272F91C11D8A6C0C00A0330B /* DescriptionViewController.h */ = {isa = PBXFileReference; fileEncoding = 4; lastKnownFileType = sourcecode.c.h; path = DescriptionViewController.h; sourceTree = "<group>"; };
		272F91C21D8A6C0C00A0330B /* DescriptionViewController.m */ = {isa = PBXFileReference; fileEncoding = 4; lastKnownFileType = sourcecode.c.objc; path = DescriptionViewController.m; sourceTree = "<group>"; };
		272F91C41D8A704500A0330B /* TaskListViewController.h */ = {isa = PBXFileReference; fileEncoding = 4; lastKnownFileType = sourcecode.c.h; path = TaskListViewController.h; sourceTree = "<group>"; };
		272F91C51D8A704500A0330B /* TaskListViewController.m */ = {isa = PBXFileReference; fileEncoding = 4; lastKnownFileType = sourcecode.c.objc; path = TaskListViewController.m; sourceTree = "<group>"; };
		2786E7AB1D881507009BDB2A /* LoginViewController.h */ = {isa = PBXFileReference; fileEncoding = 4; lastKnownFileType = sourcecode.c.h; path = LoginViewController.h; sourceTree = "<group>"; };
		2786E7AC1D881507009BDB2A /* LoginViewController.m */ = {isa = PBXFileReference; fileEncoding = 4; lastKnownFileType = sourcecode.c.objc; path = LoginViewController.m; sourceTree = "<group>"; };
		2786E7AE1D883692009BDB2A /* TabletasksViewController.h */ = {isa = PBXFileReference; fileEncoding = 4; lastKnownFileType = sourcecode.c.h; path = TabletasksViewController.h; sourceTree = "<group>"; };
		2786E7AF1D883692009BDB2A /* TabletasksViewController.m */ = {isa = PBXFileReference; fileEncoding = 4; lastKnownFileType = sourcecode.c.objc; path = TabletasksViewController.m; sourceTree = "<group>"; };
		2786E7B11D883F4D009BDB2A /* KSTaskCell.xib */ = {isa = PBXFileReference; fileEncoding = 4; lastKnownFileType = file.xib; path = KSTaskCell.xib; sourceTree = "<group>"; };
		2786E7B31D884421009BDB2A /* TaskTableViewCell.h */ = {isa = PBXFileReference; fileEncoding = 4; lastKnownFileType = sourcecode.c.h; path = TaskTableViewCell.h; sourceTree = "<group>"; };
		2786E7B41D884421009BDB2A /* TaskTableViewCell.m */ = {isa = PBXFileReference; fileEncoding = 4; lastKnownFileType = sourcecode.c.objc; path = TaskTableViewCell.m; sourceTree = "<group>"; };
		278BAA4B1D896E30002D38CF /* AddTaskViewController.h */ = {isa = PBXFileReference; fileEncoding = 4; lastKnownFileType = sourcecode.c.h; path = AddTaskViewController.h; sourceTree = "<group>"; };
		278BAA4C1D896E30002D38CF /* AddTaskViewController.m */ = {isa = PBXFileReference; fileEncoding = 4; lastKnownFileType = sourcecode.c.objc; path = AddTaskViewController.m; sourceTree = "<group>"; };
		278BAA4E1D8977E4002D38CF /* PriorityCell.xib */ = {isa = PBXFileReference; fileEncoding = 4; lastKnownFileType = file.xib; path = PriorityCell.xib; sourceTree = "<group>"; };
		278BAA501D897A36002D38CF /* PriorityCell.h */ = {isa = PBXFileReference; fileEncoding = 4; lastKnownFileType = sourcecode.c.h; path = PriorityCell.h; sourceTree = "<group>"; };
		278BAA511D897A36002D38CF /* PriorityCell.m */ = {isa = PBXFileReference; fileEncoding = 4; lastKnownFileType = sourcecode.c.objc; path = PriorityCell.m; sourceTree = "<group>"; };
		278BAA531D89BA4A002D38CF /* BaseAuthViewController.h */ = {isa = PBXFileReference; fileEncoding = 4; lastKnownFileType = sourcecode.c.h; path = BaseAuthViewController.h; sourceTree = "<group>"; };
		278BAA541D89BA4A002D38CF /* BaseAuthViewController.m */ = {isa = PBXFileReference; fileEncoding = 4; lastKnownFileType = sourcecode.c.objc; path = BaseAuthViewController.m; sourceTree = "<group>"; };
		278BAA561D89BB32002D38CF /* BaseTableViewController.h */ = {isa = PBXFileReference; fileEncoding = 4; lastKnownFileType = sourcecode.c.h; path = BaseTableViewController.h; sourceTree = "<group>"; };
		278BAA571D89BB32002D38CF /* BaseTableViewController.m */ = {isa = PBXFileReference; fileEncoding = 4; lastKnownFileType = sourcecode.c.objc; path = BaseTableViewController.m; sourceTree = "<group>"; };
		27B1A0ED1D818C5B00D47FCD /* KSObject.h */ = {isa = PBXFileReference; fileEncoding = 4; lastKnownFileType = sourcecode.c.h; path = KSObject.h; sourceTree = "<group>"; };
		27B1A0EE1D818C5B00D47FCD /* KSObject.m */ = {isa = PBXFileReference; fileEncoding = 4; lastKnownFileType = sourcecode.c.objc; path = KSObject.m; sourceTree = "<group>"; };
		27B1A0F11D818D0600D47FCD /* KSUserInfo.h */ = {isa = PBXFileReference; fileEncoding = 4; lastKnownFileType = sourcecode.c.h; path = KSUserInfo.h; sourceTree = "<group>"; };
		27B1A0F21D818D0600D47FCD /* KSUserInfo.m */ = {isa = PBXFileReference; fileEncoding = 4; lastKnownFileType = sourcecode.c.objc; path = KSUserInfo.m; sourceTree = "<group>"; };
		27B1A0F51D81933000D47FCD /* KSAuthorisedUser.h */ = {isa = PBXFileReference; fileEncoding = 4; lastKnownFileType = sourcecode.c.h; path = KSAuthorisedUser.h; sourceTree = "<group>"; };
		27B1A0F61D81933000D47FCD /* KSAuthorisedUser.m */ = {isa = PBXFileReference; fileEncoding = 4; lastKnownFileType = sourcecode.c.objc; path = KSAuthorisedUser.m; sourceTree = "<group>"; };
		27B1A0F81D8195A800D47FCD /* UserSettings.h */ = {isa = PBXFileReference; fileEncoding = 4; lastKnownFileType = sourcecode.c.h; path = UserSettings.h; sourceTree = "<group>"; };
		27B1A0F91D8195A800D47FCD /* UserSettings.m */ = {isa = PBXFileReference; fileEncoding = 4; lastKnownFileType = sourcecode.c.objc; path = UserSettings.m; sourceTree = "<group>"; };
		27B1A0FB1D81A12A00D47FCD /* KSShortTask.h */ = {isa = PBXFileReference; fileEncoding = 4; lastKnownFileType = sourcecode.c.h; path = KSShortTask.h; sourceTree = "<group>"; };
		27B1A0FC1D81A12A00D47FCD /* KSShortTask.m */ = {isa = PBXFileReference; fileEncoding = 4; lastKnownFileType = sourcecode.c.objc; path = KSShortTask.m; sourceTree = "<group>"; };
		27B1A0FE1D81A20400D47FCD /* BaseTask.h */ = {isa = PBXFileReference; fileEncoding = 4; lastKnownFileType = sourcecode.c.h; path = BaseTask.h; sourceTree = "<group>"; };
		27B1A0FF1D81A20400D47FCD /* BaseTask.m */ = {isa = PBXFileReference; fileEncoding = 4; lastKnownFileType = sourcecode.c.objc; path = BaseTask.m; sourceTree = "<group>"; };
		27B1A1011D81A3CB00D47FCD /* KSTask.h */ = {isa = PBXFileReference; fileEncoding = 4; lastKnownFileType = sourcecode.c.h; path = KSTask.h; sourceTree = "<group>"; };
		27B1A1021D81A3CB00D47FCD /* KSTask.m */ = {isa = PBXFileReference; fileEncoding = 4; lastKnownFileType = sourcecode.c.objc; path = KSTask.m; sourceTree = "<group>"; };
		27B1A1041D81A61300D47FCD /* KSTaskCollection.h */ = {isa = PBXFileReference; fileEncoding = 4; lastKnownFileType = sourcecode.c.h; path = KSTaskCollection.h; sourceTree = "<group>"; };
		27B1A1051D81A61300D47FCD /* KSTaskCollection.m */ = {isa = PBXFileReference; fileEncoding = 4; lastKnownFileType = sourcecode.c.objc; path = KSTaskCollection.m; sourceTree = "<group>"; };
		2803AF7B1D8A8EBF0032ACFB /* KSSettingsCell.xib */ = {isa = PBXFileReference; fileEncoding = 4; lastKnownFileType = file.xib; name = KSSettingsCell.xib; path = ../KSSettingsCell.xib; sourceTree = "<group>"; };
		2803AF7F1D8A8F190032ACFB /* KSSettingsCell.h */ = {isa = PBXFileReference; fileEncoding = 4; lastKnownFileType = sourcecode.c.h; path = KSSettingsCell.h; sourceTree = "<group>"; };
		2803AF801D8A8F190032ACFB /* KSSettingsCell.m */ = {isa = PBXFileReference; fileEncoding = 4; lastKnownFileType = sourcecode.c.objc; path = KSSettingsCell.m; sourceTree = "<group>"; };
		282C28C41D829A600061761E /* AMSideBarViewController.h */ = {isa = PBXFileReference; fileEncoding = 4; lastKnownFileType = sourcecode.c.h; path = AMSideBarViewController.h; sourceTree = "<group>"; };
		282C28C51D829A600061761E /* AMSideBarViewController.m */ = {isa = PBXFileReference; fileEncoding = 4; lastKnownFileType = sourcecode.c.objc; path = AMSideBarViewController.m; sourceTree = "<group>"; };
		286E261E1D883FF00055A7BF /* SettingsViewController.h */ = {isa = PBXFileReference; fileEncoding = 4; lastKnownFileType = sourcecode.c.h; path = SettingsViewController.h; sourceTree = "<group>"; };
		286E261F1D883FF00055A7BF /* SettingsViewController.m */ = {isa = PBXFileReference; fileEncoding = 4; lastKnownFileType = sourcecode.c.objc; path = SettingsViewController.m; sourceTree = "<group>"; };
		28797F6F1D87E24500AEDE0A /* UIImage+ACScaleImage.h */ = {isa = PBXFileReference; fileEncoding = 4; lastKnownFileType = sourcecode.c.h; path = "UIImage+ACScaleImage.h"; sourceTree = "<group>"; };
		28797F701D87E24500AEDE0A /* UIImage+ACScaleImage.m */ = {isa = PBXFileReference; fileEncoding = 4; lastKnownFileType = sourcecode.c.objc; path = "UIImage+ACScaleImage.m"; sourceTree = "<group>"; };
		28797F721D88202C00AEDE0A /* CreateAccountViewController.h */ = {isa = PBXFileReference; fileEncoding = 4; lastKnownFileType = sourcecode.c.h; path = CreateAccountViewController.h; sourceTree = "<group>"; };
		28797F731D88202C00AEDE0A /* CreateAccountViewController.m */ = {isa = PBXFileReference; fileEncoding = 4; lastKnownFileType = sourcecode.c.objc; path = CreateAccountViewController.m; sourceTree = "<group>"; };
		28797F751D88309200AEDE0A /* NewPasswordViewController.h */ = {isa = PBXFileReference; fileEncoding = 4; lastKnownFileType = sourcecode.c.h; path = NewPasswordViewController.h; sourceTree = "<group>"; };
		28797F761D88309200AEDE0A /* NewPasswordViewController.m */ = {isa = PBXFileReference; fileEncoding = 4; lastKnownFileType = sourcecode.c.objc; path = NewPasswordViewController.m; sourceTree = "<group>"; };
		28797F781D88370600AEDE0A /* ChangeEmailViewController.h */ = {isa = PBXFileReference; fileEncoding = 4; lastKnownFileType = sourcecode.c.h; name = ChangeEmailViewController.h; path = ../ChangeEmailViewController.h; sourceTree = "<group>"; };
		28797F791D88370600AEDE0A /* ChangeEmailViewController.m */ = {isa = PBXFileReference; fileEncoding = 4; lastKnownFileType = sourcecode.c.objc; name = ChangeEmailViewController.m; path = ../ChangeEmailViewController.m; sourceTree = "<group>"; };
		28A36BAA1D81887B0092FEFD /* PlanAndDo.app */ = {isa = PBXFileReference; explicitFileType = wrapper.application; includeInIndex = 0; path = PlanAndDo.app; sourceTree = BUILT_PRODUCTS_DIR; };
		28A36BAE1D81887B0092FEFD /* main.m */ = {isa = PBXFileReference; lastKnownFileType = sourcecode.c.objc; path = main.m; sourceTree = "<group>"; };
		28A36BB01D81887B0092FEFD /* AppDelegate.h */ = {isa = PBXFileReference; lastKnownFileType = sourcecode.c.h; path = AppDelegate.h; sourceTree = "<group>"; };
		28A36BB11D81887B0092FEFD /* AppDelegate.m */ = {isa = PBXFileReference; lastKnownFileType = sourcecode.c.objc; path = AppDelegate.m; sourceTree = "<group>"; };
		28A36BB31D81887B0092FEFD /* ViewController.h */ = {isa = PBXFileReference; lastKnownFileType = sourcecode.c.h; path = ViewController.h; sourceTree = "<group>"; };
		28A36BB41D81887B0092FEFD /* ViewController.m */ = {isa = PBXFileReference; lastKnownFileType = sourcecode.c.objc; path = ViewController.m; sourceTree = "<group>"; };
		28A36BB71D81887B0092FEFD /* Base */ = {isa = PBXFileReference; lastKnownFileType = file.storyboard; name = Base; path = Base.lproj/Main.storyboard; sourceTree = "<group>"; };
		28A36BBA1D81887B0092FEFD /* PlanAndDo.xcdatamodel */ = {isa = PBXFileReference; lastKnownFileType = wrapper.xcdatamodel; path = PlanAndDo.xcdatamodel; sourceTree = "<group>"; };
		28A36BBC1D81887B0092FEFD /* Assets.xcassets */ = {isa = PBXFileReference; lastKnownFileType = folder.assetcatalog; path = Assets.xcassets; sourceTree = "<group>"; };
		28A36BBF1D81887B0092FEFD /* Base */ = {isa = PBXFileReference; lastKnownFileType = file.storyboard; name = Base; path = Base.lproj/LaunchScreen.storyboard; sourceTree = "<group>"; };
		28A36BC11D81887B0092FEFD /* Info.plist */ = {isa = PBXFileReference; lastKnownFileType = text.plist.xml; path = Info.plist; sourceTree = "<group>"; };
		28A36BC61D81887B0092FEFD /* PlanAndDoTests.xctest */ = {isa = PBXFileReference; explicitFileType = wrapper.cfbundle; includeInIndex = 0; path = PlanAndDoTests.xctest; sourceTree = BUILT_PRODUCTS_DIR; };
		28A36BCA1D81887B0092FEFD /* PlanAndDoTests.m */ = {isa = PBXFileReference; lastKnownFileType = sourcecode.c.objc; path = PlanAndDoTests.m; sourceTree = "<group>"; };
		28A36BCC1D81887B0092FEFD /* Info.plist */ = {isa = PBXFileReference; lastKnownFileType = text.plist.xml; path = Info.plist; sourceTree = "<group>"; };
/* End PBXFileReference section */

/* Begin PBXFrameworksBuildPhase section */
		28A36BA71D81887B0092FEFD /* Frameworks */ = {
			isa = PBXFrameworksBuildPhase;
			buildActionMask = 2147483647;
			files = (
			);
			runOnlyForDeploymentPostprocessing = 0;
		};
		28A36BC31D81887B0092FEFD /* Frameworks */ = {
			isa = PBXFrameworksBuildPhase;
			buildActionMask = 2147483647;
			files = (
			);
			runOnlyForDeploymentPostprocessing = 0;
		};
/* End PBXFrameworksBuildPhase section */

/* Begin PBXGroup section */
		27B1A0F01D818C9900D47FCD /* Models */ = {
			isa = PBXGroup;
			children = (
				282C28CA1D829C610061761E /* KSObject */,
				27B1A1081D81A98100D47FCD /* TaskModels */,
				27B1A1071D81A96F00D47FCD /* UserModels */,
				270DF9E21D83F0B0004D3681 /* KSApplicatipnColor.h */,
				270DF9E31D83F0B0004D3681 /* KSApplicatipnColor.m */,
			);
			name = Models;
			sourceTree = "<group>";
		};
		27B1A1071D81A96F00D47FCD /* UserModels */ = {
			isa = PBXGroup;
			children = (
				27B1A0F11D818D0600D47FCD /* KSUserInfo.h */,
				27B1A0F21D818D0600D47FCD /* KSUserInfo.m */,
				27B1A0F51D81933000D47FCD /* KSAuthorisedUser.h */,
				27B1A0F61D81933000D47FCD /* KSAuthorisedUser.m */,
				27B1A0F81D8195A800D47FCD /* UserSettings.h */,
				27B1A0F91D8195A800D47FCD /* UserSettings.m */,
			);
			name = UserModels;
			sourceTree = "<group>";
		};
		27B1A1081D81A98100D47FCD /* TaskModels */ = {
			isa = PBXGroup;
			children = (
				27B1A0FB1D81A12A00D47FCD /* KSShortTask.h */,
				27B1A0FC1D81A12A00D47FCD /* KSShortTask.m */,
				27B1A0FE1D81A20400D47FCD /* BaseTask.h */,
				27B1A0FF1D81A20400D47FCD /* BaseTask.m */,
				27B1A1011D81A3CB00D47FCD /* KSTask.h */,
				27B1A1021D81A3CB00D47FCD /* KSTask.m */,
				27B1A1041D81A61300D47FCD /* KSTaskCollection.h */,
				27B1A1051D81A61300D47FCD /* KSTaskCollection.m */,
			);
			name = TaskModels;
			sourceTree = "<group>";
		};
		2803AF7D1D8A8EE20032ACFB /* PriorityCell */ = {
			isa = PBXGroup;
			children = (
				278BAA4E1D8977E4002D38CF /* PriorityCell.xib */,
				278BAA501D897A36002D38CF /* PriorityCell.h */,
				278BAA511D897A36002D38CF /* PriorityCell.m */,
			);
			name = PriorityCell;
			sourceTree = "<group>";
		};
		2803AF7E1D8A8EE70032ACFB /* TaskTableViewCell */ = {
			isa = PBXGroup;
			children = (
				2786E7B31D884421009BDB2A /* TaskTableViewCell.h */,
				2786E7B11D883F4D009BDB2A /* KSTaskCell.xib */,
				2786E7B41D884421009BDB2A /* TaskTableViewCell.m */,
			);
			name = TaskTableViewCell;
			sourceTree = "<group>";
		};
		2803AF821D8A8F1E0032ACFB /* SettingsCell */ = {
			isa = PBXGroup;
			children = (
				2803AF7B1D8A8EBF0032ACFB /* KSSettingsCell.xib */,
				2803AF7F1D8A8F190032ACFB /* KSSettingsCell.h */,
				2803AF801D8A8F190032ACFB /* KSSettingsCell.m */,
			);
			name = SettingsCell;
			sourceTree = "<group>";
		};
		282C28C71D829C1F0061761E /* AMSideBarViewController */ = {
			isa = PBXGroup;
			children = (
				282C28C41D829A600061761E /* AMSideBarViewController.h */,
				282C28C51D829A600061761E /* AMSideBarViewController.m */,
			);
			name = AMSideBarViewController;
			sourceTree = "<group>";
		};
		282C28C81D829C320061761E /* ViewControllers */ = {
			isa = PBXGroup;
			children = (
				282C28C91D829C4F0061761E /* ViewController */,
				282C28C71D829C1F0061761E /* AMSideBarViewController */,
				270DF9DF1D83E217004D3681 /* AMAndroidSideBarViewController.h */,
				270DF9E01D83E217004D3681 /* AMAndroidSideBarViewController.m */,
				28797F781D88370600AEDE0A /* ChangeEmailViewController.h */,
				28797F791D88370600AEDE0A /* ChangeEmailViewController.m */,
				2786E7AB1D881507009BDB2A /* LoginViewController.h */,
				2786E7AC1D881507009BDB2A /* LoginViewController.m */,
				28797F721D88202C00AEDE0A /* CreateAccountViewController.h */,
				28797F731D88202C00AEDE0A /* CreateAccountViewController.m */,
				28797F751D88309200AEDE0A /* NewPasswordViewController.h */,
				28797F761D88309200AEDE0A /* NewPasswordViewController.m */,
				2786E7AE1D883692009BDB2A /* TabletasksViewController.h */,
				2786E7AF1D883692009BDB2A /* TabletasksViewController.m */,
				286E261E1D883FF00055A7BF /* SettingsViewController.h */,
				286E261F1D883FF00055A7BF /* SettingsViewController.m */,
				278BAA4B1D896E30002D38CF /* AddTaskViewController.h */,
				278BAA4C1D896E30002D38CF /* AddTaskViewController.m */,
				272F91BE1D8A678800A0330B /* SelectCategoryViewController.h */,
				272F91BF1D8A678800A0330B /* SelectCategoryViewController.m */,
				272F91C11D8A6C0C00A0330B /* DescriptionViewController.h */,
				272F91C21D8A6C0C00A0330B /* DescriptionViewController.m */,
				272F91C41D8A704500A0330B /* TaskListViewController.h */,
				272F91C51D8A704500A0330B /* TaskListViewController.m */,
			);
			name = ViewControllers;
			sourceTree = "<group>";
		};
		282C28C91D829C4F0061761E /* ViewController */ = {
			isa = PBXGroup;
			children = (
				28A36BB31D81887B0092FEFD /* ViewController.h */,
				28A36BB41D81887B0092FEFD /* ViewController.m */,
			);
			name = ViewController;
			sourceTree = "<group>";
		};
		282C28CA1D829C610061761E /* KSObject */ = {
			isa = PBXGroup;
			children = (
				27B1A0ED1D818C5B00D47FCD /* KSObject.h */,
				27B1A0EE1D818C5B00D47FCD /* KSObject.m */,
			);
			name = KSObject;
			sourceTree = "<group>";
		};
		282C28CB1D829C9C0061761E /* UI */ = {
			isa = PBXGroup;
			children = (
				28A36BB61D81887B0092FEFD /* Main.storyboard */,
				28A36BBE1D81887B0092FEFD /* LaunchScreen.storyboard */,
			);
			name = UI;
			sourceTree = "<group>";
		};
		282C28CC1D829CAC0061761E /* CoreData */ = {
			isa = PBXGroup;
			children = (
				28A36BB91D81887B0092FEFD /* PlanAndDo.xcdatamodeld */,
			);
			name = CoreData;
			sourceTree = "<group>";
		};
		28A36BA11D81887B0092FEFD = {
			isa = PBXGroup;
			children = (
				28A36BAC1D81887B0092FEFD /* PlanAndDo */,
				28A36BC91D81887B0092FEFD /* PlanAndDoTests */,
				28A36BAB1D81887B0092FEFD /* Products */,
			);
			sourceTree = "<group>";
		};
		28A36BAB1D81887B0092FEFD /* Products */ = {
			isa = PBXGroup;
			children = (
				28A36BAA1D81887B0092FEFD /* PlanAndDo.app */,
				28A36BC61D81887B0092FEFD /* PlanAndDoTests.xctest */,
			);
			name = Products;
			sourceTree = "<group>";
		};
		28A36BAC1D81887B0092FEFD /* PlanAndDo */ = {
			isa = PBXGroup;
			children = (
				28A36BB01D81887B0092FEFD /* AppDelegate.h */,
				28A36BB11D81887B0092FEFD /* AppDelegate.m */,
				270DF9E51D83F56E004D3681 /* BaseViewController.h */,
				270DF9E61D83F56E004D3681 /* BaseViewController.m */,
				278BAA531D89BA4A002D38CF /* BaseAuthViewController.h */,
				278BAA541D89BA4A002D38CF /* BaseAuthViewController.m */,
				278BAA561D89BB32002D38CF /* BaseTableViewController.h */,
				278BAA571D89BB32002D38CF /* BaseTableViewController.m */,
				28797F6F1D87E24500AEDE0A /* UIImage+ACScaleImage.h */,
				28797F701D87E24500AEDE0A /* UIImage+ACScaleImage.m */,
				27B1A0F01D818C9900D47FCD /* Models */,
				282C28C81D829C320061761E /* ViewControllers */,
				282C28CB1D829C9C0061761E /* UI */,
				28A36BBC1D81887B0092FEFD /* Assets.xcassets */,
				28A36BC11D81887B0092FEFD /* Info.plist */,
				282C28CC1D829CAC0061761E /* CoreData */,
				28A36BAD1D81887B0092FEFD /* Supporting Files */,
				2803AF7E1D8A8EE70032ACFB /* TaskTableViewCell */,
				2803AF7D1D8A8EE20032ACFB /* PriorityCell */,
				2803AF821D8A8F1E0032ACFB /* SettingsCell */,
			);
			path = PlanAndDo;
			sourceTree = "<group>";
		};
		28A36BAD1D81887B0092FEFD /* Supporting Files */ = {
			isa = PBXGroup;
			children = (
				28A36BAE1D81887B0092FEFD /* main.m */,
			);
			name = "Supporting Files";
			sourceTree = "<group>";
		};
		28A36BC91D81887B0092FEFD /* PlanAndDoTests */ = {
			isa = PBXGroup;
			children = (
				28A36BCA1D81887B0092FEFD /* PlanAndDoTests.m */,
				28A36BCC1D81887B0092FEFD /* Info.plist */,
			);
			path = PlanAndDoTests;
			sourceTree = "<group>";
		};
/* End PBXGroup section */

/* Begin PBXNativeTarget section */
		28A36BA91D81887B0092FEFD /* PlanAndDo */ = {
			isa = PBXNativeTarget;
			buildConfigurationList = 28A36BCF1D81887B0092FEFD /* Build configuration list for PBXNativeTarget "PlanAndDo" */;
			buildPhases = (
				28A36BA61D81887B0092FEFD /* Sources */,
				28A36BA71D81887B0092FEFD /* Frameworks */,
				28A36BA81D81887B0092FEFD /* Resources */,
			);
			buildRules = (
			);
			dependencies = (
			);
			name = PlanAndDo;
			productName = PlanAndDo;
			productReference = 28A36BAA1D81887B0092FEFD /* PlanAndDo.app */;
			productType = "com.apple.product-type.application";
		};
		28A36BC51D81887B0092FEFD /* PlanAndDoTests */ = {
			isa = PBXNativeTarget;
			buildConfigurationList = 28A36BD21D81887B0092FEFD /* Build configuration list for PBXNativeTarget "PlanAndDoTests" */;
			buildPhases = (
				28A36BC21D81887B0092FEFD /* Sources */,
				28A36BC31D81887B0092FEFD /* Frameworks */,
				28A36BC41D81887B0092FEFD /* Resources */,
			);
			buildRules = (
			);
			dependencies = (
				28A36BC81D81887B0092FEFD /* PBXTargetDependency */,
			);
			name = PlanAndDoTests;
			productName = PlanAndDoTests;
			productReference = 28A36BC61D81887B0092FEFD /* PlanAndDoTests.xctest */;
			productType = "com.apple.product-type.bundle.unit-test";
		};
/* End PBXNativeTarget section */

/* Begin PBXProject section */
		28A36BA21D81887B0092FEFD /* Project object */ = {
			isa = PBXProject;
			attributes = {
				LastUpgradeCheck = 0730;
				ORGANIZATIONNAME = TodoTeamGroup;
				TargetAttributes = {
					28A36BA91D81887B0092FEFD = {
						CreatedOnToolsVersion = 7.3.1;
						DevelopmentTeam = XNN93544SQ;
					};
					28A36BC51D81887B0092FEFD = {
						CreatedOnToolsVersion = 7.3.1;
						DevelopmentTeam = 6JFVNK494S;
						TestTargetID = 28A36BA91D81887B0092FEFD;
					};
				};
			};
			buildConfigurationList = 28A36BA51D81887B0092FEFD /* Build configuration list for PBXProject "PlanAndDo" */;
			compatibilityVersion = "Xcode 3.2";
			developmentRegion = English;
			hasScannedForEncodings = 0;
			knownRegions = (
				en,
				Base,
			);
			mainGroup = 28A36BA11D81887B0092FEFD;
			productRefGroup = 28A36BAB1D81887B0092FEFD /* Products */;
			projectDirPath = "";
			projectRoot = "";
			targets = (
				28A36BA91D81887B0092FEFD /* PlanAndDo */,
				28A36BC51D81887B0092FEFD /* PlanAndDoTests */,
			);
		};
/* End PBXProject section */

/* Begin PBXResourcesBuildPhase section */
		28A36BA81D81887B0092FEFD /* Resources */ = {
			isa = PBXResourcesBuildPhase;
			buildActionMask = 2147483647;
			files = (
				2786E7B21D883F4D009BDB2A /* KSTaskCell.xib in Resources */,
				28A36BC01D81887B0092FEFD /* LaunchScreen.storyboard in Resources */,
				2803AF7C1D8A8EBF0032ACFB /* KSSettingsCell.xib in Resources */,
				28A36BBD1D81887B0092FEFD /* Assets.xcassets in Resources */,
				278BAA4F1D8977E4002D38CF /* PriorityCell.xib in Resources */,
				28A36BB81D81887B0092FEFD /* Main.storyboard in Resources */,
			);
			runOnlyForDeploymentPostprocessing = 0;
		};
		28A36BC41D81887B0092FEFD /* Resources */ = {
			isa = PBXResourcesBuildPhase;
			buildActionMask = 2147483647;
			files = (
			);
			runOnlyForDeploymentPostprocessing = 0;
		};
/* End PBXResourcesBuildPhase section */

/* Begin PBXSourcesBuildPhase section */
		28A36BA61D81887B0092FEFD /* Sources */ = {
			isa = PBXSourcesBuildPhase;
			buildActionMask = 2147483647;
			files = (
				270DF9E41D83F0B0004D3681 /* KSApplicatipnColor.m in Sources */,
				27B1A0F71D81933000D47FCD /* KSAuthorisedUser.m in Sources */,
				27B1A1031D81A3CB00D47FCD /* KSTask.m in Sources */,
				278BAA551D89BA4A002D38CF /* BaseAuthViewController.m in Sources */,
				27B1A0FA1D8195A800D47FCD /* UserSettings.m in Sources */,
				272F91C31D8A6C0C00A0330B /* DescriptionViewController.m in Sources */,
				27B1A0F31D818D0600D47FCD /* KSUserInfo.m in Sources */,
				28797F711D87E24500AEDE0A /* UIImage+ACScaleImage.m in Sources */,
				28A36BB51D81887B0092FEFD /* ViewController.m in Sources */,
				2786E7B01D883692009BDB2A /* TabletasksViewController.m in Sources */,
				27B1A0EF1D818C5B00D47FCD /* KSObject.m in Sources */,
				2803AF811D8A8F190032ACFB /* KSSettingsCell.m in Sources */,
				278BAA581D89BB32002D38CF /* BaseTableViewController.m in Sources */,
				28797F741D88202C00AEDE0A /* CreateAccountViewController.m in Sources */,
				272F91C61D8A704500A0330B /* TaskListViewController.m in Sources */,
				27B1A0FD1D81A12A00D47FCD /* KSShortTask.m in Sources */,
				272F91C01D8A678800A0330B /* SelectCategoryViewController.m in Sources */,
				286E26201D883FF00055A7BF /* SettingsViewController.m in Sources */,
				28A36BB21D81887B0092FEFD /* AppDelegate.m in Sources */,
				270DF9E71D83F56E004D3681 /* BaseViewController.m in Sources */,
				27B1A1001D81A20400D47FCD /* BaseTask.m in Sources */,
				278BAA4D1D896E30002D38CF /* AddTaskViewController.m in Sources */,
				28A36BAF1D81887B0092FEFD /* main.m in Sources */,
				270DF9E11D83E217004D3681 /* AMAndroidSideBarViewController.m in Sources */,
				2786E7AD1D881507009BDB2A /* LoginViewController.m in Sources */,
				278BAA521D897A36002D38CF /* PriorityCell.m in Sources */,
				2786E7B51D884421009BDB2A /* TaskTableViewCell.m in Sources */,
				27B1A1061D81A61300D47FCD /* KSTaskCollection.m in Sources */,
				282C28C61D829A600061761E /* AMSideBarViewController.m in Sources */,
				28797F771D88309200AEDE0A /* NewPasswordViewController.m in Sources */,
				28A36BBB1D81887B0092FEFD /* PlanAndDo.xcdatamodeld in Sources */,
				28797F7A1D88370600AEDE0A /* ChangeEmailViewController.m in Sources */,
			);
			runOnlyForDeploymentPostprocessing = 0;
		};
		28A36BC21D81887B0092FEFD /* Sources */ = {
			isa = PBXSourcesBuildPhase;
			buildActionMask = 2147483647;
			files = (
				28A36BCB1D81887B0092FEFD /* PlanAndDoTests.m in Sources */,
			);
			runOnlyForDeploymentPostprocessing = 0;
		};
/* End PBXSourcesBuildPhase section */

/* Begin PBXTargetDependency section */
		28A36BC81D81887B0092FEFD /* PBXTargetDependency */ = {
			isa = PBXTargetDependency;
			target = 28A36BA91D81887B0092FEFD /* PlanAndDo */;
			targetProxy = 28A36BC71D81887B0092FEFD /* PBXContainerItemProxy */;
		};
/* End PBXTargetDependency section */

/* Begin PBXVariantGroup section */
		28A36BB61D81887B0092FEFD /* Main.storyboard */ = {
			isa = PBXVariantGroup;
			children = (
				28A36BB71D81887B0092FEFD /* Base */,
			);
			name = Main.storyboard;
			sourceTree = "<group>";
		};
		28A36BBE1D81887B0092FEFD /* LaunchScreen.storyboard */ = {
			isa = PBXVariantGroup;
			children = (
				28A36BBF1D81887B0092FEFD /* Base */,
			);
			name = LaunchScreen.storyboard;
			sourceTree = "<group>";
		};
/* End PBXVariantGroup section */

/* Begin XCBuildConfiguration section */
		28A36BCD1D81887B0092FEFD /* Debug */ = {
			isa = XCBuildConfiguration;
			buildSettings = {
				ALWAYS_SEARCH_USER_PATHS = NO;
				CLANG_ANALYZER_NONNULL = YES;
				CLANG_CXX_LANGUAGE_STANDARD = "gnu++0x";
				CLANG_CXX_LIBRARY = "libc++";
				CLANG_ENABLE_MODULES = YES;
				CLANG_ENABLE_OBJC_ARC = YES;
				CLANG_WARN_BOOL_CONVERSION = YES;
				CLANG_WARN_CONSTANT_CONVERSION = YES;
				CLANG_WARN_DIRECT_OBJC_ISA_USAGE = YES_ERROR;
				CLANG_WARN_EMPTY_BODY = YES;
				CLANG_WARN_ENUM_CONVERSION = YES;
				CLANG_WARN_INT_CONVERSION = YES;
				CLANG_WARN_OBJC_ROOT_CLASS = YES_ERROR;
				CLANG_WARN_UNREACHABLE_CODE = YES;
				CLANG_WARN__DUPLICATE_METHOD_MATCH = YES;
				"CODE_SIGN_IDENTITY[sdk=iphoneos*]" = "iPhone Developer";
				COPY_PHASE_STRIP = NO;
				DEBUG_INFORMATION_FORMAT = dwarf;
				ENABLE_STRICT_OBJC_MSGSEND = YES;
				ENABLE_TESTABILITY = YES;
				GCC_C_LANGUAGE_STANDARD = gnu99;
				GCC_DYNAMIC_NO_PIC = NO;
				GCC_NO_COMMON_BLOCKS = YES;
				GCC_OPTIMIZATION_LEVEL = 0;
				GCC_PREPROCESSOR_DEFINITIONS = (
					"DEBUG=1",
					"$(inherited)",
				);
				GCC_WARN_64_TO_32_BIT_CONVERSION = YES;
				GCC_WARN_ABOUT_RETURN_TYPE = YES_ERROR;
				GCC_WARN_UNDECLARED_SELECTOR = YES;
				GCC_WARN_UNINITIALIZED_AUTOS = YES_AGGRESSIVE;
				GCC_WARN_UNUSED_FUNCTION = YES;
				GCC_WARN_UNUSED_VARIABLE = YES;
				IPHONEOS_DEPLOYMENT_TARGET = 9.3;
				MTL_ENABLE_DEBUG_INFO = YES;
				ONLY_ACTIVE_ARCH = YES;
				SDKROOT = iphoneos;
				TARGETED_DEVICE_FAMILY = "1,2";
			};
			name = Debug;
		};
		28A36BCE1D81887B0092FEFD /* Release */ = {
			isa = XCBuildConfiguration;
			buildSettings = {
				ALWAYS_SEARCH_USER_PATHS = NO;
				CLANG_ANALYZER_NONNULL = YES;
				CLANG_CXX_LANGUAGE_STANDARD = "gnu++0x";
				CLANG_CXX_LIBRARY = "libc++";
				CLANG_ENABLE_MODULES = YES;
				CLANG_ENABLE_OBJC_ARC = YES;
				CLANG_WARN_BOOL_CONVERSION = YES;
				CLANG_WARN_CONSTANT_CONVERSION = YES;
				CLANG_WARN_DIRECT_OBJC_ISA_USAGE = YES_ERROR;
				CLANG_WARN_EMPTY_BODY = YES;
				CLANG_WARN_ENUM_CONVERSION = YES;
				CLANG_WARN_INT_CONVERSION = YES;
				CLANG_WARN_OBJC_ROOT_CLASS = YES_ERROR;
				CLANG_WARN_UNREACHABLE_CODE = YES;
				CLANG_WARN__DUPLICATE_METHOD_MATCH = YES;
				"CODE_SIGN_IDENTITY[sdk=iphoneos*]" = "iPhone Developer";
				COPY_PHASE_STRIP = NO;
				DEBUG_INFORMATION_FORMAT = "dwarf-with-dsym";
				ENABLE_NS_ASSERTIONS = NO;
				ENABLE_STRICT_OBJC_MSGSEND = YES;
				GCC_C_LANGUAGE_STANDARD = gnu99;
				GCC_NO_COMMON_BLOCKS = YES;
				GCC_WARN_64_TO_32_BIT_CONVERSION = YES;
				GCC_WARN_ABOUT_RETURN_TYPE = YES_ERROR;
				GCC_WARN_UNDECLARED_SELECTOR = YES;
				GCC_WARN_UNINITIALIZED_AUTOS = YES_AGGRESSIVE;
				GCC_WARN_UNUSED_FUNCTION = YES;
				GCC_WARN_UNUSED_VARIABLE = YES;
				IPHONEOS_DEPLOYMENT_TARGET = 9.3;
				MTL_ENABLE_DEBUG_INFO = NO;
				SDKROOT = iphoneos;
				TARGETED_DEVICE_FAMILY = "1,2";
				VALIDATE_PRODUCT = YES;
			};
			name = Release;
		};
		28A36BD01D81887B0092FEFD /* Debug */ = {
			isa = XCBuildConfiguration;
			buildSettings = {
				ASSETCATALOG_COMPILER_APPICON_NAME = AppIcon;
				CODE_SIGN_IDENTITY = "iPhone Developer";
				"CODE_SIGN_IDENTITY[sdk=iphoneos*]" = "iPhone Developer";
				INFOPLIST_FILE = PlanAndDo/Info.plist;
				LD_RUNPATH_SEARCH_PATHS = "$(inherited) @executable_path/Frameworks";
				PRODUCT_BUNDLE_IDENTIFIER = localhost.PlanAndDo;
				PRODUCT_NAME = "$(TARGET_NAME)";
				PROVISIONING_PROFILE = "";
			};
			name = Debug;
		};
		28A36BD11D81887B0092FEFD /* Release */ = {
			isa = XCBuildConfiguration;
			buildSettings = {
				ASSETCATALOG_COMPILER_APPICON_NAME = AppIcon;
				CODE_SIGN_IDENTITY = "iPhone Developer";
				"CODE_SIGN_IDENTITY[sdk=iphoneos*]" = "iPhone Developer";
				INFOPLIST_FILE = PlanAndDo/Info.plist;
				LD_RUNPATH_SEARCH_PATHS = "$(inherited) @executable_path/Frameworks";
				PRODUCT_BUNDLE_IDENTIFIER = localhost.PlanAndDo;
				PRODUCT_NAME = "$(TARGET_NAME)";
				PROVISIONING_PROFILE = "";
			};
			name = Release;
		};
		28A36BD31D81887B0092FEFD /* Debug */ = {
			isa = XCBuildConfiguration;
			buildSettings = {
				BUNDLE_LOADER = "$(TEST_HOST)";
				INFOPLIST_FILE = PlanAndDoTests/Info.plist;
				LD_RUNPATH_SEARCH_PATHS = "$(inherited) @executable_path/Frameworks @loader_path/Frameworks";
				PRODUCT_BUNDLE_IDENTIFIER = localhost.PlanAndDoTests;
				PRODUCT_NAME = "$(TARGET_NAME)";
				TEST_HOST = "$(BUILT_PRODUCTS_DIR)/PlanAndDo.app/PlanAndDo";
			};
			name = Debug;
		};
		28A36BD41D81887B0092FEFD /* Release */ = {
			isa = XCBuildConfiguration;
			buildSettings = {
				BUNDLE_LOADER = "$(TEST_HOST)";
				INFOPLIST_FILE = PlanAndDoTests/Info.plist;
				LD_RUNPATH_SEARCH_PATHS = "$(inherited) @executable_path/Frameworks @loader_path/Frameworks";
				PRODUCT_BUNDLE_IDENTIFIER = localhost.PlanAndDoTests;
				PRODUCT_NAME = "$(TARGET_NAME)";
				TEST_HOST = "$(BUILT_PRODUCTS_DIR)/PlanAndDo.app/PlanAndDo";
			};
			name = Release;
		};
/* End XCBuildConfiguration section */

/* Begin XCConfigurationList section */
		28A36BA51D81887B0092FEFD /* Build configuration list for PBXProject "PlanAndDo" */ = {
			isa = XCConfigurationList;
			buildConfigurations = (
				28A36BCD1D81887B0092FEFD /* Debug */,
				28A36BCE1D81887B0092FEFD /* Release */,
			);
			defaultConfigurationIsVisible = 0;
			defaultConfigurationName = Release;
		};
		28A36BCF1D81887B0092FEFD /* Build configuration list for PBXNativeTarget "PlanAndDo" */ = {
			isa = XCConfigurationList;
			buildConfigurations = (
				28A36BD01D81887B0092FEFD /* Debug */,
				28A36BD11D81887B0092FEFD /* Release */,
			);
			defaultConfigurationIsVisible = 0;
			defaultConfigurationName = Release;
		};
		28A36BD21D81887B0092FEFD /* Build configuration list for PBXNativeTarget "PlanAndDoTests" */ = {
			isa = XCConfigurationList;
			buildConfigurations = (
				28A36BD31D81887B0092FEFD /* Debug */,
				28A36BD41D81887B0092FEFD /* Release */,
			);
			defaultConfigurationIsVisible = 0;
			defaultConfigurationName = Release;
		};
/* End XCConfigurationList section */

/* Begin XCVersionGroup section */
		28A36BB91D81887B0092FEFD /* PlanAndDo.xcdatamodeld */ = {
			isa = XCVersionGroup;
			children = (
				28A36BBA1D81887B0092FEFD /* PlanAndDo.xcdatamodel */,
			);
			currentVersion = 28A36BBA1D81887B0092FEFD /* PlanAndDo.xcdatamodel */;
			path = PlanAndDo.xcdatamodeld;
			sourceTree = "<group>";
			versionGroupType = wrapper.xcdatamodel;
		};
/* End XCVersionGroup section */
	};
	rootObject = 28A36BA21D81887B0092FEFD /* Project object */;
}
